// !$*UTF8*$!
{
	archiveVersion = 1;
	classes = {
	};
	objectVersion = 46;
	objects = {

/* Begin PBXBuildFile section */
		844D3CFC19B5A0BE00D5FAA8 /* Foundation.framework in Frameworks */ = {isa = PBXBuildFile; fileRef = 844D3CFB19B5A0BE00D5FAA8 /* Foundation.framework */; };
		844D3CFE19B5A0BE00D5FAA8 /* CoreGraphics.framework in Frameworks */ = {isa = PBXBuildFile; fileRef = 844D3CFD19B5A0BE00D5FAA8 /* CoreGraphics.framework */; };
		844D3D0019B5A0BE00D5FAA8 /* UIKit.framework in Frameworks */ = {isa = PBXBuildFile; fileRef = 844D3CFF19B5A0BE00D5FAA8 /* UIKit.framework */; };
		844D3D0619B5A0BE00D5FAA8 /* InfoPlist.strings in Resources */ = {isa = PBXBuildFile; fileRef = 844D3D0419B5A0BE00D5FAA8 /* InfoPlist.strings */; };
		844D3D0819B5A0BE00D5FAA8 /* main.m in Sources */ = {isa = PBXBuildFile; fileRef = 844D3D0719B5A0BE00D5FAA8 /* main.m */; };
		844D3D0C19B5A0BE00D5FAA8 /* AppDelegate.m in Sources */ = {isa = PBXBuildFile; fileRef = 844D3D0B19B5A0BE00D5FAA8 /* AppDelegate.m */; };
		844D3D0E19B5A0BE00D5FAA8 /* Images.xcassets in Resources */ = {isa = PBXBuildFile; fileRef = 844D3D0D19B5A0BE00D5FAA8 /* Images.xcassets */; };
		844D3D1519B5A0BE00D5FAA8 /* XCTest.framework in Frameworks */ = {isa = PBXBuildFile; fileRef = 844D3D1419B5A0BE00D5FAA8 /* XCTest.framework */; };
		844D3D1619B5A0BE00D5FAA8 /* Foundation.framework in Frameworks */ = {isa = PBXBuildFile; fileRef = 844D3CFB19B5A0BE00D5FAA8 /* Foundation.framework */; };
		844D3D1719B5A0BE00D5FAA8 /* UIKit.framework in Frameworks */ = {isa = PBXBuildFile; fileRef = 844D3CFF19B5A0BE00D5FAA8 /* UIKit.framework */; };
		844D3D1F19B5A0BE00D5FAA8 /* InfoPlist.strings in Resources */ = {isa = PBXBuildFile; fileRef = 844D3D1D19B5A0BE00D5FAA8 /* InfoPlist.strings */; };
		844D3D2119B5A0BE00D5FAA8 /* DemoTests.m in Sources */ = {isa = PBXBuildFile; fileRef = 844D3D2019B5A0BE00D5FAA8 /* DemoTests.m */; };
/* End PBXBuildFile section */

/* Begin PBXContainerItemProxy section */
		844D3D1819B5A0BE00D5FAA8 /* PBXContainerItemProxy */ = {
			isa = PBXContainerItemProxy;
			containerPortal = 844D3CF019B5A0BE00D5FAA8 /* Project object */;
			proxyType = 1;
			remoteGlobalIDString = 844D3CF719B5A0BE00D5FAA8;
			remoteInfo = Demo;
		};
/* End PBXContainerItemProxy section */

/* Begin PBXFileReference section */
		844D3CF819B5A0BE00D5FAA8 /* Demo.app */ = {isa = PBXFileReference; explicitFileType = wrapper.application; includeInIndex = 0; path = Demo.app; sourceTree = BUILT_PRODUCTS_DIR; };
		844D3CFB19B5A0BE00D5FAA8 /* Foundation.framework */ = {isa = PBXFileReference; lastKnownFileType = wrapper.framework; name = Foundation.framework; path = System/Library/Frameworks/Foundation.framework; sourceTree = SDKROOT; };
		844D3CFD19B5A0BE00D5FAA8 /* CoreGraphics.framework */ = {isa = PBXFileReference; lastKnownFileType = wrapper.framework; name = CoreGraphics.framework; path = System/Library/Frameworks/CoreGraphics.framework; sourceTree = SDKROOT; };
		844D3CFF19B5A0BE00D5FAA8 /* UIKit.framework */ = {isa = PBXFileReference; lastKnownFileType = wrapper.framework; name = UIKit.framework; path = System/Library/Frameworks/UIKit.framework; sourceTree = SDKROOT; };
		844D3D0319B5A0BE00D5FAA8 /* Demo-Info.plist */ = {isa = PBXFileReference; lastKnownFileType = text.plist.xml; path = "Demo-Info.plist"; sourceTree = "<group>"; };
		844D3D0519B5A0BE00D5FAA8 /* en */ = {isa = PBXFileReference; lastKnownFileType = text.plist.strings; name = en; path = en.lproj/InfoPlist.strings; sourceTree = "<group>"; };
		844D3D0719B5A0BE00D5FAA8 /* main.m */ = {isa = PBXFileReference; lastKnownFileType = sourcecode.c.objc; path = main.m; sourceTree = "<group>"; };
		844D3D0919B5A0BE00D5FAA8 /* Demo-Prefix.pch */ = {isa = PBXFileReference; lastKnownFileType = sourcecode.c.h; path = "Demo-Prefix.pch"; sourceTree = "<group>"; };
		844D3D0A19B5A0BE00D5FAA8 /* AppDelegate.h */ = {isa = PBXFileReference; lastKnownFileType = sourcecode.c.h; path = AppDelegate.h; sourceTree = "<group>"; };
		844D3D0B19B5A0BE00D5FAA8 /* AppDelegate.m */ = {isa = PBXFileReference; lastKnownFileType = sourcecode.c.objc; path = AppDelegate.m; sourceTree = "<group>"; };
		844D3D0D19B5A0BE00D5FAA8 /* Images.xcassets */ = {isa = PBXFileReference; lastKnownFileType = folder.assetcatalog; path = Images.xcassets; sourceTree = "<group>"; };
		844D3D1319B5A0BE00D5FAA8 /* DemoTests.xctest */ = {isa = PBXFileReference; explicitFileType = wrapper.cfbundle; includeInIndex = 0; path = DemoTests.xctest; sourceTree = BUILT_PRODUCTS_DIR; };
		844D3D1419B5A0BE00D5FAA8 /* XCTest.framework */ = {isa = PBXFileReference; lastKnownFileType = wrapper.framework; name = XCTest.framework; path = Library/Frameworks/XCTest.framework; sourceTree = DEVELOPER_DIR; };
		844D3D1C19B5A0BE00D5FAA8 /* DemoTests-Info.plist */ = {isa = PBXFileReference; lastKnownFileType = text.plist.xml; path = "DemoTests-Info.plist"; sourceTree = "<group>"; };
		844D3D1E19B5A0BE00D5FAA8 /* en */ = {isa = PBXFileReference; lastKnownFileType = text.plist.strings; name = en; path = en.lproj/InfoPlist.strings; sourceTree = "<group>"; };
		844D3D2019B5A0BE00D5FAA8 /* DemoTests.m */ = {isa = PBXFileReference; lastKnownFileType = sourcecode.c.objc; path = DemoTests.m; sourceTree = "<group>"; };
/* End PBXFileReference section */

/* Begin PBXFrameworksBuildPhase section */
		844D3CF519B5A0BE00D5FAA8 /* Frameworks */ = {
			isa = PBXFrameworksBuildPhase;
			buildActionMask = 2147483647;
			files = (
				844D3CFE19B5A0BE00D5FAA8 /* CoreGraphics.framework in Frameworks */,
				844D3D0019B5A0BE00D5FAA8 /* UIKit.framework in Frameworks */,
				844D3CFC19B5A0BE00D5FAA8 /* Foundation.framework in Frameworks */,
			);
			runOnlyForDeploymentPostprocessing = 0;
		};
		844D3D1019B5A0BE00D5FAA8 /* Frameworks */ = {
			isa = PBXFrameworksBuildPhase;
			buildActionMask = 2147483647;
			files = (
				844D3D1519B5A0BE00D5FAA8 /* XCTest.framework in Frameworks */,
				844D3D1719B5A0BE00D5FAA8 /* UIKit.framework in Frameworks */,
				844D3D1619B5A0BE00D5FAA8 /* Foundation.framework in Frameworks */,
			);
			runOnlyForDeploymentPostprocessing = 0;
		};
/* End PBXFrameworksBuildPhase section */

/* Begin PBXGroup section */
		844D3CEF19B5A0BE00D5FAA8 = {
			isa = PBXGroup;
			children = (
				844D3D0119B5A0BE00D5FAA8 /* Demo */,
				844D3D1A19B5A0BE00D5FAA8 /* DemoTests */,
				844D3CFA19B5A0BE00D5FAA8 /* Frameworks */,
				844D3CF919B5A0BE00D5FAA8 /* Products */,
			);
			sourceTree = "<group>";
		};
		844D3CF919B5A0BE00D5FAA8 /* Products */ = {
			isa = PBXGroup;
			children = (
				844D3CF819B5A0BE00D5FAA8 /* Demo.app */,
				844D3D1319B5A0BE00D5FAA8 /* DemoTests.xctest */,
			);
			name = Products;
			sourceTree = "<group>";
		};
		844D3CFA19B5A0BE00D5FAA8 /* Frameworks */ = {
			isa = PBXGroup;
			children = (
				844D3CFB19B5A0BE00D5FAA8 /* Foundation.framework */,
				844D3CFD19B5A0BE00D5FAA8 /* CoreGraphics.framework */,
				844D3CFF19B5A0BE00D5FAA8 /* UIKit.framework */,
				844D3D1419B5A0BE00D5FAA8 /* XCTest.framework */,
			);
			name = Frameworks;
			sourceTree = "<group>";
		};
		844D3D0119B5A0BE00D5FAA8 /* Demo */ = {
			isa = PBXGroup;
			children = (
				844D3D0A19B5A0BE00D5FAA8 /* AppDelegate.h */,
				844D3D0B19B5A0BE00D5FAA8 /* AppDelegate.m */,
				844D3D0D19B5A0BE00D5FAA8 /* Images.xcassets */,
				844D3D0219B5A0BE00D5FAA8 /* Supporting Files */,
			);
			path = Demo;
			sourceTree = "<group>";
		};
		844D3D0219B5A0BE00D5FAA8 /* Supporting Files */ = {
			isa = PBXGroup;
			children = (
				844D3D0319B5A0BE00D5FAA8 /* Demo-Info.plist */,
				844D3D0419B5A0BE00D5FAA8 /* InfoPlist.strings */,
				844D3D0719B5A0BE00D5FAA8 /* main.m */,
				844D3D0919B5A0BE00D5FAA8 /* Demo-Prefix.pch */,
			);
			name = "Supporting Files";
			sourceTree = "<group>";
		};
		844D3D1A19B5A0BE00D5FAA8 /* DemoTests */ = {
			isa = PBXGroup;
			children = (
				844D3D2019B5A0BE00D5FAA8 /* DemoTests.m */,
				844D3D1B19B5A0BE00D5FAA8 /* Supporting Files */,
			);
			path = DemoTests;
			sourceTree = "<group>";
		};
		844D3D1B19B5A0BE00D5FAA8 /* Supporting Files */ = {
			isa = PBXGroup;
			children = (
				844D3D1C19B5A0BE00D5FAA8 /* DemoTests-Info.plist */,
				844D3D1D19B5A0BE00D5FAA8 /* InfoPlist.strings */,
			);
			name = "Supporting Files";
			sourceTree = "<group>";
		};
/* End PBXGroup section */

/* Begin PBXNativeTarget section */
		844D3CF719B5A0BE00D5FAA8 /* Demo */ = {
			isa = PBXNativeTarget;
			buildConfigurationList = 844D3D2419B5A0BE00D5FAA8 /* Build configuration list for PBXNativeTarget "Demo" */;
			buildPhases = (
				844D3CF419B5A0BE00D5FAA8 /* Sources */,
				844D3CF519B5A0BE00D5FAA8 /* Frameworks */,
				844D3CF619B5A0BE00D5FAA8 /* Resources */,
			);
			buildRules = (
			);
			dependencies = (
			);
			name = Demo;
			productName = Demo;
			productReference = 844D3CF819B5A0BE00D5FAA8 /* Demo.app */;
			productType = "com.apple.product-type.application";
		};
		844D3D1219B5A0BE00D5FAA8 /* DemoTests */ = {
			isa = PBXNativeTarget;
			buildConfigurationList = 844D3D2719B5A0BE00D5FAA8 /* Build configuration list for PBXNativeTarget "DemoTests" */;
			buildPhases = (
				844D3D0F19B5A0BE00D5FAA8 /* Sources */,
				844D3D1019B5A0BE00D5FAA8 /* Frameworks */,
				844D3D1119B5A0BE00D5FAA8 /* Resources */,
			);
			buildRules = (
			);
			dependencies = (
				844D3D1919B5A0BE00D5FAA8 /* PBXTargetDependency */,
			);
			name = DemoTests;
			productName = DemoTests;
			productReference = 844D3D1319B5A0BE00D5FAA8 /* DemoTests.xctest */;
			productType = "com.apple.product-type.bundle.unit-test";
		};
/* End PBXNativeTarget section */

/* Begin PBXProject section */
		844D3CF019B5A0BE00D5FAA8 /* Project object */ = {
			isa = PBXProject;
			attributes = {
				LastUpgradeCheck = 0510;
				ORGANIZATIONNAME = sohu;
				TargetAttributes = {
					844D3D1219B5A0BE00D5FAA8 = {
						TestTargetID = 844D3CF719B5A0BE00D5FAA8;
					};
				};
			};
			buildConfigurationList = 844D3CF319B5A0BE00D5FAA8 /* Build configuration list for PBXProject "Demo" */;
			compatibilityVersion = "Xcode 3.2";
			developmentRegion = English;
			hasScannedForEncodings = 0;
			knownRegions = (
				en,
			);
			mainGroup = 844D3CEF19B5A0BE00D5FAA8;
			productRefGroup = 844D3CF919B5A0BE00D5FAA8 /* Products */;
			projectDirPath = "";
			projectRoot = "";
			targets = (
				844D3CF719B5A0BE00D5FAA8 /* Demo */,
				844D3D1219B5A0BE00D5FAA8 /* DemoTests */,
			);
		};
/* End PBXProject section */

/* Begin PBXResourcesBuildPhase section */
		844D3CF619B5A0BE00D5FAA8 /* Resources */ = {
			isa = PBXResourcesBuildPhase;
			buildActionMask = 2147483647;
			files = (
				844D3D0619B5A0BE00D5FAA8 /* InfoPlist.strings in Resources */,
				844D3D0E19B5A0BE00D5FAA8 /* Images.xcassets in Resources */,
			);
			runOnlyForDeploymentPostprocessing = 0;
		};
		844D3D1119B5A0BE00D5FAA8 /* Resources */ = {
			isa = PBXResourcesBuildPhase;
			buildActionMask = 2147483647;
			files = (
				844D3D1F19B5A0BE00D5FAA8 /* InfoPlist.strings in Resources */,
			);
			runOnlyForDeploymentPostprocessing = 0;
		};
/* End PBXResourcesBuildPhase section */

/* Begin PBXSourcesBuildPhase section */
		844D3CF419B5A0BE00D5FAA8 /* Sources */ = {
			isa = PBXSourcesBuildPhase;
			buildActionMask = 2147483647;
			files = (
				844D3D0C19B5A0BE00D5FAA8 /* AppDelegate.m in Sources */,
				844D3D0819B5A0BE00D5FAA8 /* main.m in Sources */,
			);
			runOnlyForDeploymentPostprocessing = 0;
		};
		844D3D0F19B5A0BE00D5FAA8 /* Sources */ = {
			isa = PBXSourcesBuildPhase;
			buildActionMask = 2147483647;
			files = (
				844D3D2119B5A0BE00D5FAA8 /* DemoTests.m in Sources */,
			);
			runOnlyForDeploymentPostprocessing = 0;
		};
/* End PBXSourcesBuildPhase section */

/* Begin PBXTargetDependency section */
		844D3D1919B5A0BE00D5FAA8 /* PBXTargetDependency */ = {
			isa = PBXTargetDependency;
			target = 844D3CF719B5A0BE00D5FAA8 /* Demo */;
			targetProxy = 844D3D1819B5A0BE00D5FAA8 /* PBXContainerItemProxy */;
		};
/* End PBXTargetDependency section */

/* Begin PBXVariantGroup section */
		844D3D0419B5A0BE00D5FAA8 /* InfoPlist.strings */ = {
			isa = PBXVariantGroup;
			children = (
				844D3D0519B5A0BE00D5FAA8 /* en */,
			);
			name = InfoPlist.strings;
			sourceTree = "<group>";
		};
		844D3D1D19B5A0BE00D5FAA8 /* InfoPlist.strings */ = {
			isa = PBXVariantGroup;
			children = (
				844D3D1E19B5A0BE00D5FAA8 /* en */,
			);
			name = InfoPlist.strings;
			sourceTree = "<group>";
		};
/* End PBXVariantGroup section */

/* Begin XCBuildConfiguration section */
		844D3D2219B5A0BE00D5FAA8 /* Debug */ = {
			isa = XCBuildConfiguration;
			buildSettings = {
				ALWAYS_SEARCH_USER_PATHS = NO;
				CLANG_CXX_LANGUAGE_STANDARD = "gnu++0x";
				CLANG_CXX_LIBRARY = "libc++";
				CLANG_ENABLE_MODULES = YES;
				CLANG_ENABLE_OBJC_ARC = YES;
				CLANG_WARN_BOOL_CONVERSION = YES;
				CLANG_WARN_CONSTANT_CONVERSION = YES;
				CLANG_WARN_DIRECT_OBJC_ISA_USAGE = YES_ERROR;
				CLANG_WARN_EMPTY_BODY = YES;
				CLANG_WARN_ENUM_CONVERSION = YES;
				CLANG_WARN_INT_CONVERSION = YES;
				CLANG_WARN_OBJC_ROOT_CLASS = YES_ERROR;
				CLANG_WARN__DUPLICATE_METHOD_MATCH = YES;
				"CODE_SIGN_IDENTITY[sdk=iphoneos*]" = "iPhone Developer";
				COPY_PHASE_STRIP = NO;
				GCC_C_LANGUAGE_STANDARD = gnu99;
				GCC_DYNAMIC_NO_PIC = NO;
				GCC_OPTIMIZATION_LEVEL = 0;
				GCC_PREPROCESSOR_DEFINITIONS = (
					"DEBUG=1",
					"$(inherited)",
				);
				GCC_SYMBOLS_PRIVATE_EXTERN = NO;
				GCC_WARN_64_TO_32_BIT_CONVERSION = YES;
				GCC_WARN_ABOUT_RETURN_TYPE = YES_ERROR;
				GCC_WARN_UNDECLARED_SELECTOR = YES;
				GCC_WARN_UNINITIALIZED_AUTOS = YES_AGGRESSIVE;
				GCC_WARN_UNUSED_FUNCTION = YES;
				GCC_WARN_UNUSED_VARIABLE = YES;
				IPHONEOS_DEPLOYMENT_TARGET = 7.1;
				ONLY_ACTIVE_ARCH = YES;
				SDKROOT = iphoneos;
			};
			name = Debug;
		};
		844D3D2319B5A0BE00D5FAA8 /* Release */ = {
			isa = XCBuildConfiguration;
			buildSettings = {
				ALWAYS_SEARCH_USER_PATHS = NO;
				CLANG_CXX_LANGUAGE_STANDARD = "gnu++0x";
				CLANG_CXX_LIBRARY = "libc++";
				CLANG_ENABLE_MODULES = YES;
				CLANG_ENABLE_OBJC_ARC = YES;
				CLANG_WARN_BOOL_CONVERSION = YES;
				CLANG_WARN_CONSTANT_CONVERSION = YES;
				CLANG_WARN_DIRECT_OBJC_ISA_USAGE = YES_ERROR;
				CLANG_WARN_EMPTY_BODY = YES;
				CLANG_WARN_ENUM_CONVERSION = YES;
				CLANG_WARN_INT_CONVERSION = YES;
				CLANG_WARN_OBJC_ROOT_CLASS = YES_ERROR;
				CLANG_WARN__DUPLICATE_METHOD_MATCH = YES;
				"CODE_SIGN_IDENTITY[sdk=iphoneos*]" = "iPhone Developer";
				COPY_PHASE_STRIP = YES;
				ENABLE_NS_ASSERTIONS = NO;
				GCC_C_LANGUAGE_STANDARD = gnu99;
				GCC_WARN_64_TO_32_BIT_CONVERSION = YES;
				GCC_WARN_ABOUT_RETURN_TYPE = YES_ERROR;
				GCC_WARN_UNDECLARED_SELECTOR = YES;
				GCC_WARN_UNINITIALIZED_AUTOS = YES_AGGRESSIVE;
				GCC_WARN_UNUSED_FUNCTION = YES;
				GCC_WARN_UNUSED_VARIABLE = YES;
				IPHONEOS_DEPLOYMENT_TARGET = 7.1;
				SDKROOT = iphoneos;
				VALIDATE_PRODUCT = YES;
			};
			name = Release;
		};
		844D3D2519B5A0BE00D5FAA8 /* Debug */ = {
			isa = XCBuildConfiguration;
			buildSettings = {
				ASSETCATALOG_COMPILER_APPICON_NAME = AppIcon;
				ASSETCATALOG_COMPILER_LAUNCHIMAGE_NAME = LaunchImage;
				GCC_PRECOMPILE_PREFIX_HEADER = YES;
				GCC_PREFIX_HEADER = "Demo/Demo-Prefix.pch";
				INFOPLIST_FILE = "Demo/Demo-Info.plist";
				PRODUCT_NAME = "$(TARGET_NAME)";
				WRAPPER_EXTENSION = app;
			};
			name = Debug;
		};
		844D3D2619B5A0BE00D5FAA8 /* Release */ = {
			isa = XCBuildConfiguration;
			buildSettings = {
				ASSETCATALOG_COMPILER_APPICON_NAME = AppIcon;
				ASSETCATALOG_COMPILER_LAUNCHIMAGE_NAME = LaunchImage;
				GCC_PRECOMPILE_PREFIX_HEADER = YES;
				GCC_PREFIX_HEADER = "Demo/Demo-Prefix.pch";
				INFOPLIST_FILE = "Demo/Demo-Info.plist";
				PRODUCT_NAME = "$(TARGET_NAME)";
				WRAPPER_EXTENSION = app;
			};
			name = Release;
		};
		844D3D2819B5A0BE00D5FAA8 /* Debug */ = {
			isa = XCBuildConfiguration;
			buildSettings = {
				BUNDLE_LOADER = "$(BUILT_PRODUCTS_DIR)/Demo.app/Demo";
				FRAMEWORK_SEARCH_PATHS = (
					"$(SDKROOT)/Developer/Library/Frameworks",
					"$(inherited)",
					"$(DEVELOPER_FRAMEWORKS_DIR)",
				);
				GCC_PRECOMPILE_PREFIX_HEADER = YES;
				GCC_PREFIX_HEADER = "Demo/Demo-Prefix.pch";
				GCC_PREPROCESSOR_DEFINITIONS = (
					"DEBUG=1",
					"$(inherited)",
				);
				INFOPLIST_FILE = "DemoTests/DemoTests-Info.plist";
				PRODUCT_NAME = "$(TARGET_NAME)";
				TEST_HOST = "$(BUNDLE_LOADER)";
				WRAPPER_EXTENSION = xctest;
			};
			name = Debug;
		};
		844D3D2919B5A0BE00D5FAA8 /* Release */ = {
			isa = XCBuildConfiguration;
			buildSettings = {
				BUNDLE_LOADER = "$(BUILT_PRODUCTS_DIR)/Demo.app/Demo";
				FRAMEWORK_SEARCH_PATHS = (
					"$(SDKROOT)/Developer/Library/Frameworks",
					"$(inherited)",
					"$(DEVELOPER_FRAMEWORKS_DIR)",
				);
				GCC_PRECOMPILE_PREFIX_HEADER = YES;
				GCC_PREFIX_HEADER = "Demo/Demo-Prefix.pch";
				INFOPLIST_FILE = "DemoTests/DemoTests-Info.plist";
				PRODUCT_NAME = "$(TARGET_NAME)";
				TEST_HOST = "$(BUNDLE_LOADER)";
				WRAPPER_EXTENSION = xctest;
			};
			name = Release;
		};
/* End XCBuildConfiguration section */

/* Begin XCConfigurationList section */
		844D3CF319B5A0BE00D5FAA8 /* Build configuration list for PBXProject "Demo" */ = {
			isa = XCConfigurationList;
			buildConfigurations = (
				844D3D2219B5A0BE00D5FAA8 /* Debug */,
				844D3D2319B5A0BE00D5FAA8 /* Release */,
			);
			defaultConfigurationIsVisible = 0;
			defaultConfigurationName = Release;
		};
		844D3D2419B5A0BE00D5FAA8 /* Build configuration list for PBXNativeTarget "Demo" */ = {
			isa = XCConfigurationList;
			buildConfigurations = (
				844D3D2519B5A0BE00D5FAA8 /* Debug */,
				844D3D2619B5A0BE00D5FAA8 /* Release */,
			);
			defaultConfigurationIsVisible = 0;
		};
		844D3D2719B5A0BE00D5FAA8 /* Build configuration list for PBXNativeTarget "DemoTests" */ = {
			isa = XCConfigurationList;
			buildConfigurations = (
				844D3D2819B5A0BE00D5FAA8 /* Debug */,
				844D3D2919B5A0BE00D5FAA8 /* Release */,
			);
			defaultConfigurationIsVisible = 0;
		};
/* End XCConfigurationList section */
	};
	rootObject = 844D3CF019B5A0BE00D5FAA8 /* Project object */;
}
