// !$*UTF8*$!
{
	archiveVersion = 1;
	classes = {
	};
	objectVersion = 46;
	objects = {

/* Begin PBXBuildFile section */
		840C5A0E19B6E7DB0007F1C3 /* ZWDemoRequest.m in Sources */ = {isa = PBXBuildFile; fileRef = 840C5A0D19B6E7DB0007F1C3 /* ZWDemoRequest.m */; };
		844D3CFC19B5A0BE00D5FAA8 /* Foundation.framework in Frameworks */ = {isa = PBXBuildFile; fileRef = 844D3CFB19B5A0BE00D5FAA8 /* Foundation.framework */; };
		844D3CFE19B5A0BE00D5FAA8 /* CoreGraphics.framework in Frameworks */ = {isa = PBXBuildFile; fileRef = 844D3CFD19B5A0BE00D5FAA8 /* CoreGraphics.framework */; };
		844D3D0019B5A0BE00D5FAA8 /* UIKit.framework in Frameworks */ = {isa = PBXBuildFile; fileRef = 844D3CFF19B5A0BE00D5FAA8 /* UIKit.framework */; };
		844D3D0619B5A0BE00D5FAA8 /* InfoPlist.strings in Resources */ = {isa = PBXBuildFile; fileRef = 844D3D0419B5A0BE00D5FAA8 /* InfoPlist.strings */; };
		844D3D0819B5A0BE00D5FAA8 /* main.m in Sources */ = {isa = PBXBuildFile; fileRef = 844D3D0719B5A0BE00D5FAA8 /* main.m */; };
		844D3D0C19B5A0BE00D5FAA8 /* AppDelegate.m in Sources */ = {isa = PBXBuildFile; fileRef = 844D3D0B19B5A0BE00D5FAA8 /* AppDelegate.m */; };
		844D3D0E19B5A0BE00D5FAA8 /* Images.xcassets in Resources */ = {isa = PBXBuildFile; fileRef = 844D3D0D19B5A0BE00D5FAA8 /* Images.xcassets */; };
		844D3D1519B5A0BE00D5FAA8 /* XCTest.framework in Frameworks */ = {isa = PBXBuildFile; fileRef = 844D3D1419B5A0BE00D5FAA8 /* XCTest.framework */; };
		844D3D1619B5A0BE00D5FAA8 /* Foundation.framework in Frameworks */ = {isa = PBXBuildFile; fileRef = 844D3CFB19B5A0BE00D5FAA8 /* Foundation.framework */; };
		844D3D1719B5A0BE00D5FAA8 /* UIKit.framework in Frameworks */ = {isa = PBXBuildFile; fileRef = 844D3CFF19B5A0BE00D5FAA8 /* UIKit.framework */; };
		844D3D1F19B5A0BE00D5FAA8 /* InfoPlist.strings in Resources */ = {isa = PBXBuildFile; fileRef = 844D3D1D19B5A0BE00D5FAA8 /* InfoPlist.strings */; };
		844D3D2119B5A0BE00D5FAA8 /* DemoTests.m in Sources */ = {isa = PBXBuildFile; fileRef = 844D3D2019B5A0BE00D5FAA8 /* DemoTests.m */; };
		844D3D7119B5A0D200D5FAA8 /* AFHTTPRequestOperation.m in Sources */ = {isa = PBXBuildFile; fileRef = 844D3D3019B5A0D200D5FAA8 /* AFHTTPRequestOperation.m */; };
		844D3D7219B5A0D200D5FAA8 /* AFHTTPRequestOperationManager.m in Sources */ = {isa = PBXBuildFile; fileRef = 844D3D3219B5A0D200D5FAA8 /* AFHTTPRequestOperationManager.m */; };
		844D3D7319B5A0D200D5FAA8 /* AFHTTPSessionManager.m in Sources */ = {isa = PBXBuildFile; fileRef = 844D3D3419B5A0D200D5FAA8 /* AFHTTPSessionManager.m */; };
		844D3D7419B5A0D200D5FAA8 /* AFNetworkReachabilityManager.m in Sources */ = {isa = PBXBuildFile; fileRef = 844D3D3719B5A0D200D5FAA8 /* AFNetworkReachabilityManager.m */; };
		844D3D7519B5A0D200D5FAA8 /* AFSecurityPolicy.m in Sources */ = {isa = PBXBuildFile; fileRef = 844D3D3919B5A0D200D5FAA8 /* AFSecurityPolicy.m */; };
		844D3D7619B5A0D200D5FAA8 /* AFURLConnectionOperation.m in Sources */ = {isa = PBXBuildFile; fileRef = 844D3D3B19B5A0D200D5FAA8 /* AFURLConnectionOperation.m */; };
		844D3D7719B5A0D200D5FAA8 /* AFURLRequestSerialization.m in Sources */ = {isa = PBXBuildFile; fileRef = 844D3D3D19B5A0D200D5FAA8 /* AFURLRequestSerialization.m */; };
		844D3D7819B5A0D200D5FAA8 /* AFURLResponseSerialization.m in Sources */ = {isa = PBXBuildFile; fileRef = 844D3D3F19B5A0D200D5FAA8 /* AFURLResponseSerialization.m */; };
		844D3D7919B5A0D200D5FAA8 /* AFURLSessionManager.m in Sources */ = {isa = PBXBuildFile; fileRef = 844D3D4119B5A0D200D5FAA8 /* AFURLSessionManager.m */; };
		844D3D7A19B5A0D200D5FAA8 /* MBProgressHUD.m in Sources */ = {isa = PBXBuildFile; fileRef = 844D3D4419B5A0D200D5FAA8 /* MBProgressHUD.m */; };
		844D3D7B19B5A0D200D5FAA8 /* MKAnnotationView+WebCache.m in Sources */ = {isa = PBXBuildFile; fileRef = 844D3D4719B5A0D200D5FAA8 /* MKAnnotationView+WebCache.m */; };
		844D3D7C19B5A0D200D5FAA8 /* NSData+ImageContentType.m in Sources */ = {isa = PBXBuildFile; fileRef = 844D3D4919B5A0D200D5FAA8 /* NSData+ImageContentType.m */; };
		844D3D7D19B5A0D200D5FAA8 /* SDImageCache.m in Sources */ = {isa = PBXBuildFile; fileRef = 844D3D4B19B5A0D200D5FAA8 /* SDImageCache.m */; };
		844D3D7E19B5A0D200D5FAA8 /* SDWebImageCombinedOperation.m in Sources */ = {isa = PBXBuildFile; fileRef = 844D3D4D19B5A0D200D5FAA8 /* SDWebImageCombinedOperation.m */; };
		844D3D7F19B5A0D200D5FAA8 /* SDWebImageCompat.m in Sources */ = {isa = PBXBuildFile; fileRef = 844D3D4F19B5A0D200D5FAA8 /* SDWebImageCompat.m */; };
		844D3D8019B5A0D200D5FAA8 /* SDWebImageDecoder.m in Sources */ = {isa = PBXBuildFile; fileRef = 844D3D5119B5A0D200D5FAA8 /* SDWebImageDecoder.m */; };
		844D3D8119B5A0D200D5FAA8 /* SDWebImageDownloader.m in Sources */ = {isa = PBXBuildFile; fileRef = 844D3D5319B5A0D200D5FAA8 /* SDWebImageDownloader.m */; };
		844D3D8219B5A0D200D5FAA8 /* SDWebImageDownloaderOperation.m in Sources */ = {isa = PBXBuildFile; fileRef = 844D3D5519B5A0D200D5FAA8 /* SDWebImageDownloaderOperation.m */; };
		844D3D8319B5A0D200D5FAA8 /* SDWebImageManager.m in Sources */ = {isa = PBXBuildFile; fileRef = 844D3D5719B5A0D200D5FAA8 /* SDWebImageManager.m */; };
		844D3D8419B5A0D200D5FAA8 /* SDWebImagePrefetcher.m in Sources */ = {isa = PBXBuildFile; fileRef = 844D3D5A19B5A0D200D5FAA8 /* SDWebImagePrefetcher.m */; };
		844D3D8519B5A0D200D5FAA8 /* UIButton+WebCache.m in Sources */ = {isa = PBXBuildFile; fileRef = 844D3D5C19B5A0D200D5FAA8 /* UIButton+WebCache.m */; };
		844D3D8619B5A0D200D5FAA8 /* UIImage+GIF.m in Sources */ = {isa = PBXBuildFile; fileRef = 844D3D5E19B5A0D200D5FAA8 /* UIImage+GIF.m */; };
		844D3D8719B5A0D200D5FAA8 /* UIImage+MultiFormat.m in Sources */ = {isa = PBXBuildFile; fileRef = 844D3D6019B5A0D200D5FAA8 /* UIImage+MultiFormat.m */; };
		844D3D8819B5A0D200D5FAA8 /* UIImage+WebP.m in Sources */ = {isa = PBXBuildFile; fileRef = 844D3D6219B5A0D200D5FAA8 /* UIImage+WebP.m */; };
		844D3D8919B5A0D200D5FAA8 /* UIImageView+WebCache.m in Sources */ = {isa = PBXBuildFile; fileRef = 844D3D6419B5A0D200D5FAA8 /* UIImageView+WebCache.m */; };
		844D3D8A19B5A0D200D5FAA8 /* TencentOpenAPI.framework in Frameworks */ = {isa = PBXBuildFile; fileRef = 844D3D6719B5A0D200D5FAA8 /* TencentOpenAPI.framework */; };
		844D3D8B19B5A0D200D5FAA8 /* TencentOpenApi_IOS_Bundle.bundle in Resources */ = {isa = PBXBuildFile; fileRef = 844D3D6819B5A0D200D5FAA8 /* TencentOpenApi_IOS_Bundle.bundle */; };
		844D3D8C19B5A0D200D5FAA8 /* libWeiboSDK.a in Frameworks */ = {isa = PBXBuildFile; fileRef = 844D3D6A19B5A0D200D5FAA8 /* libWeiboSDK.a */; };
		844D3D8D19B5A0D200D5FAA8 /* WeiboSDK.bundle in Resources */ = {isa = PBXBuildFile; fileRef = 844D3D6B19B5A0D200D5FAA8 /* WeiboSDK.bundle */; };
		844D3D8E19B5A0D200D5FAA8 /* libWeChatSDK.a in Frameworks */ = {isa = PBXBuildFile; fileRef = 844D3D6E19B5A0D200D5FAA8 /* libWeChatSDK.a */; };
		844D3D9919B5A2EC00D5FAA8 /* ZWRequest.m in Sources */ = {isa = PBXBuildFile; fileRef = 844D3D9819B5A2EC00D5FAA8 /* ZWRequest.m */; };
		844D3DB619B5BAFC00D5FAA8 /* HTTPUtil.m in Sources */ = {isa = PBXBuildFile; fileRef = 844D3DB519B5BAFC00D5FAA8 /* HTTPUtil.m */; };
		844D3DB919B5CC6A00D5FAA8 /* ZWResquestData.m in Sources */ = {isa = PBXBuildFile; fileRef = 844D3DB819B5CC6A00D5FAA8 /* ZWResquestData.m */; };
		845E2BA719FCA3CE0045BEFD /* BeeCache.m in Sources */ = {isa = PBXBuildFile; fileRef = 845E2B9619FCA3CE0045BEFD /* BeeCache.m */; };
		845E2BA819FCA3CE0045BEFD /* BeeSandbox.m in Sources */ = {isa = PBXBuildFile; fileRef = 845E2B9819FCA3CE0045BEFD /* BeeSandbox.m */; };
		845E2BA919FCA3CE0045BEFD /* BeeSystemInfo.m in Sources */ = {isa = PBXBuildFile; fileRef = 845E2B9A19FCA3CE0045BEFD /* BeeSystemInfo.m */; };
		845E2BAA19FCA3CE0045BEFD /* NSDictionary+BeeExtension.m in Sources */ = {isa = PBXBuildFile; fileRef = 845E2B9C19FCA3CE0045BEFD /* NSDictionary+BeeExtension.m */; };
		845E2BAB19FCA3CE0045BEFD /* arrow.png in Resources */ = {isa = PBXBuildFile; fileRef = 845E2B9E19FCA3CE0045BEFD /* arrow.png */; };
		845E2BAC19FCA3CE0045BEFD /* EGORefreshTableHeaderView.m in Sources */ = {isa = PBXBuildFile; fileRef = 845E2BA019FCA3CE0045BEFD /* EGORefreshTableHeaderView.m */; };
		845E2BAD19FCA3CE0045BEFD /* HashUtility.m in Sources */ = {isa = PBXBuildFile; fileRef = 845E2BA319FCA3CE0045BEFD /* HashUtility.m */; };
		845E2BAE19FCA3CE0045BEFD /* UIDevice+Hardware.m in Sources */ = {isa = PBXBuildFile; fileRef = 845E2BA619FCA3CE0045BEFD /* UIDevice+Hardware.m */; };
		845E2BB519FCA5960045BEFD /* ZWResignViewController.m in Sources */ = {isa = PBXBuildFile; fileRef = 845E2BB419FCA5960045BEFD /* ZWResignViewController.m */; };
		845E2BB919FCA6000045BEFD /* ZWTabBarController.m in Sources */ = {isa = PBXBuildFile; fileRef = 845E2BB819FCA6000045BEFD /* ZWTabBarController.m */; };
		845E2BBC19FCA6210045BEFD /* ZWViewController.m in Sources */ = {isa = PBXBuildFile; fileRef = 845E2BBB19FCA6210045BEFD /* ZWViewController.m */; };
		845E2BC719FCA81E0045BEFD /* ico_cam@2x.png in Resources */ = {isa = PBXBuildFile; fileRef = 845E2BBE19FCA81D0045BEFD /* ico_cam@2x.png */; };
		845E2BC819FCA81E0045BEFD /* ico_hall_off@2x.png in Resources */ = {isa = PBXBuildFile; fileRef = 845E2BBF19FCA81D0045BEFD /* ico_hall_off@2x.png */; };
		845E2BC919FCA81E0045BEFD /* ico_hall_on@2x.png in Resources */ = {isa = PBXBuildFile; fileRef = 845E2BC019FCA81E0045BEFD /* ico_hall_on@2x.png */; };
		845E2BCA19FCA81E0045BEFD /* ico_home_off@2x.png in Resources */ = {isa = PBXBuildFile; fileRef = 845E2BC119FCA81E0045BEFD /* ico_home_off@2x.png */; };
		845E2BCB19FCA81E0045BEFD /* ico_home_on@2x.png in Resources */ = {isa = PBXBuildFile; fileRef = 845E2BC219FCA81E0045BEFD /* ico_home_on@2x.png */; };
		845E2BCC19FCA81E0045BEFD /* ico_message_off@2x.png in Resources */ = {isa = PBXBuildFile; fileRef = 845E2BC319FCA81E0045BEFD /* ico_message_off@2x.png */; };
		845E2BCD19FCA81E0045BEFD /* ico_message_on@2x.png in Resources */ = {isa = PBXBuildFile; fileRef = 845E2BC419FCA81E0045BEFD /* ico_message_on@2x.png */; };
		845E2BCE19FCA81E0045BEFD /* ico_my_off@2x.png in Resources */ = {isa = PBXBuildFile; fileRef = 845E2BC519FCA81E0045BEFD /* ico_my_off@2x.png */; };
		845E2BCF19FCA81E0045BEFD /* ico_my_on@2x.png in Resources */ = {isa = PBXBuildFile; fileRef = 845E2BC619FCA81E0045BEFD /* ico_my_on@2x.png */; };
		845E2BD619FCE4B30045BEFD /* CameraViewController.m in Sources */ = {isa = PBXBuildFile; fileRef = 845E2BD519FCE4B30045BEFD /* CameraViewController.m */; };
		845E2BDD19FCE53B0045BEFD /* bg_login@2x.png in Resources */ = {isa = PBXBuildFile; fileRef = 845E2BD819FCE53B0045BEFD /* bg_login@2x.png */; };
		845E2BDE19FCE53B0045BEFD /* login_logo@2x.png in Resources */ = {isa = PBXBuildFile; fileRef = 845E2BD919FCE53B0045BEFD /* login_logo@2x.png */; };
		845E2BDF19FCE53B0045BEFD /* login_qq@2x.png in Resources */ = {isa = PBXBuildFile; fileRef = 845E2BDA19FCE53B0045BEFD /* login_qq@2x.png */; };
		845E2BE019FCE53B0045BEFD /* login_sina@2x.png in Resources */ = {isa = PBXBuildFile; fileRef = 845E2BDB19FCE53B0045BEFD /* login_sina@2x.png */; };
		845E2BE119FCE53B0045BEFD /* login_weixin@2x.png in Resources */ = {isa = PBXBuildFile; fileRef = 845E2BDC19FCE53B0045BEFD /* login_weixin@2x.png */; };
		845E2BE819FCE6640045BEFD /* ZWLoginViewController.m in Sources */ = {isa = PBXBuildFile; fileRef = 845E2BE619FCE6640045BEFD /* ZWLoginViewController.m */; };
		845E2BEB19FCF5020045BEFD /* TencentOpenApi_IOS_Bundle.bundle in Sources */ = {isa = PBXBuildFile; fileRef = 844D3D6819B5A0D200D5FAA8 /* TencentOpenApi_IOS_Bundle.bundle */; };
		84825D7919FE9D6600E590FC /* libsqlite3.dylib in Frameworks */ = {isa = PBXBuildFile; fileRef = 84825D7819FE9D6600E590FC /* libsqlite3.dylib */; };
		84825D7B19FE9D7C00E590FC /* libstdc++.dylib in Frameworks */ = {isa = PBXBuildFile; fileRef = 84825D7A19FE9D7C00E590FC /* libstdc++.dylib */; };
		84825D7D19FE9D8E00E590FC /* libiconv.dylib in Frameworks */ = {isa = PBXBuildFile; fileRef = 84825D7C19FE9D8E00E590FC /* libiconv.dylib */; };
		84825D7F19FE9D9E00E590FC /* libz.dylib in Frameworks */ = {isa = PBXBuildFile; fileRef = 84825D7E19FE9D9E00E590FC /* libz.dylib */; };
		84825D8119FE9DAC00E590FC /* Security.framework in Frameworks */ = {isa = PBXBuildFile; fileRef = 84825D8019FE9DAC00E590FC /* Security.framework */; };
		84825D8319FE9DBA00E590FC /* SystemConfiguration.framework in Frameworks */ = {isa = PBXBuildFile; fileRef = 84825D8219FE9DBA00E590FC /* SystemConfiguration.framework */; };
		84825D8519FE9DC600E590FC /* CoreTelephony.framework in Frameworks */ = {isa = PBXBuildFile; fileRef = 84825D8419FE9DC600E590FC /* CoreTelephony.framework */; };
		84DABD2519BEF93200CB99A5 /* ZWShareData.m in Sources */ = {isa = PBXBuildFile; fileRef = 84DABD2419BEF93200CB99A5 /* ZWShareData.m */; };
		84DABD2819BEFF8500CB99A5 /* ZWXXXList.m in Sources */ = {isa = PBXBuildFile; fileRef = 84DABD2719BEFF8500CB99A5 /* ZWXXXList.m */; };
		84DABD2E19BF066800CB99A5 /* HexColor.m in Sources */ = {isa = PBXBuildFile; fileRef = 84DABD2D19BF066800CB99A5 /* HexColor.m */; };
		84DABD3219BF06BE00CB99A5 /* UIImage+fixOrientation.m in Sources */ = {isa = PBXBuildFile; fileRef = 84DABD3119BF06BE00CB99A5 /* UIImage+fixOrientation.m */; };
/* End PBXBuildFile section */

/* Begin PBXContainerItemProxy section */
		844D3D1819B5A0BE00D5FAA8 /* PBXContainerItemProxy */ = {
			isa = PBXContainerItemProxy;
			containerPortal = 844D3CF019B5A0BE00D5FAA8 /* Project object */;
			proxyType = 1;
			remoteGlobalIDString = 844D3CF719B5A0BE00D5FAA8;
			remoteInfo = Demo;
		};
/* End PBXContainerItemProxy section */

/* Begin PBXFileReference section */
		840C5A0C19B6E7DB0007F1C3 /* ZWDemoRequest.h */ = {isa = PBXFileReference; fileEncoding = 4; lastKnownFileType = sourcecode.c.h; path = ZWDemoRequest.h; sourceTree = "<group>"; };
		840C5A0D19B6E7DB0007F1C3 /* ZWDemoRequest.m */ = {isa = PBXFileReference; fileEncoding = 4; lastKnownFileType = sourcecode.c.objc; path = ZWDemoRequest.m; sourceTree = "<group>"; };
		844D3CF819B5A0BE00D5FAA8 /* Demo.app */ = {isa = PBXFileReference; explicitFileType = wrapper.application; includeInIndex = 0; path = Demo.app; sourceTree = BUILT_PRODUCTS_DIR; };
		844D3CFB19B5A0BE00D5FAA8 /* Foundation.framework */ = {isa = PBXFileReference; lastKnownFileType = wrapper.framework; name = Foundation.framework; path = System/Library/Frameworks/Foundation.framework; sourceTree = SDKROOT; };
		844D3CFD19B5A0BE00D5FAA8 /* CoreGraphics.framework */ = {isa = PBXFileReference; lastKnownFileType = wrapper.framework; name = CoreGraphics.framework; path = System/Library/Frameworks/CoreGraphics.framework; sourceTree = SDKROOT; };
		844D3CFF19B5A0BE00D5FAA8 /* UIKit.framework */ = {isa = PBXFileReference; lastKnownFileType = wrapper.framework; name = UIKit.framework; path = System/Library/Frameworks/UIKit.framework; sourceTree = SDKROOT; };
		844D3D0319B5A0BE00D5FAA8 /* Demo-Info.plist */ = {isa = PBXFileReference; lastKnownFileType = text.plist.xml; path = "Demo-Info.plist"; sourceTree = "<group>"; };
		844D3D0519B5A0BE00D5FAA8 /* en */ = {isa = PBXFileReference; lastKnownFileType = text.plist.strings; name = en; path = en.lproj/InfoPlist.strings; sourceTree = "<group>"; };
		844D3D0719B5A0BE00D5FAA8 /* main.m */ = {isa = PBXFileReference; lastKnownFileType = sourcecode.c.objc; path = main.m; sourceTree = "<group>"; };
		844D3D0919B5A0BE00D5FAA8 /* Demo-Prefix.pch */ = {isa = PBXFileReference; lastKnownFileType = sourcecode.c.h; path = "Demo-Prefix.pch"; sourceTree = "<group>"; };
		844D3D0A19B5A0BE00D5FAA8 /* AppDelegate.h */ = {isa = PBXFileReference; lastKnownFileType = sourcecode.c.h; path = AppDelegate.h; sourceTree = "<group>"; };
		844D3D0B19B5A0BE00D5FAA8 /* AppDelegate.m */ = {isa = PBXFileReference; lastKnownFileType = sourcecode.c.objc; path = AppDelegate.m; sourceTree = "<group>"; };
		844D3D0D19B5A0BE00D5FAA8 /* Images.xcassets */ = {isa = PBXFileReference; lastKnownFileType = folder.assetcatalog; path = Images.xcassets; sourceTree = "<group>"; };
		844D3D1319B5A0BE00D5FAA8 /* DemoTests.xctest */ = {isa = PBXFileReference; explicitFileType = wrapper.cfbundle; includeInIndex = 0; path = DemoTests.xctest; sourceTree = BUILT_PRODUCTS_DIR; };
		844D3D1419B5A0BE00D5FAA8 /* XCTest.framework */ = {isa = PBXFileReference; lastKnownFileType = wrapper.framework; name = XCTest.framework; path = Library/Frameworks/XCTest.framework; sourceTree = DEVELOPER_DIR; };
		844D3D1C19B5A0BE00D5FAA8 /* DemoTests-Info.plist */ = {isa = PBXFileReference; lastKnownFileType = text.plist.xml; path = "DemoTests-Info.plist"; sourceTree = "<group>"; };
		844D3D1E19B5A0BE00D5FAA8 /* en */ = {isa = PBXFileReference; lastKnownFileType = text.plist.strings; name = en; path = en.lproj/InfoPlist.strings; sourceTree = "<group>"; };
		844D3D2019B5A0BE00D5FAA8 /* DemoTests.m */ = {isa = PBXFileReference; lastKnownFileType = sourcecode.c.objc; path = DemoTests.m; sourceTree = "<group>"; };
		844D3D2F19B5A0D200D5FAA8 /* AFHTTPRequestOperation.h */ = {isa = PBXFileReference; fileEncoding = 4; lastKnownFileType = sourcecode.c.h; path = AFHTTPRequestOperation.h; sourceTree = "<group>"; };
		844D3D3019B5A0D200D5FAA8 /* AFHTTPRequestOperation.m */ = {isa = PBXFileReference; fileEncoding = 4; lastKnownFileType = sourcecode.c.objc; path = AFHTTPRequestOperation.m; sourceTree = "<group>"; };
		844D3D3119B5A0D200D5FAA8 /* AFHTTPRequestOperationManager.h */ = {isa = PBXFileReference; fileEncoding = 4; lastKnownFileType = sourcecode.c.h; path = AFHTTPRequestOperationManager.h; sourceTree = "<group>"; };
		844D3D3219B5A0D200D5FAA8 /* AFHTTPRequestOperationManager.m */ = {isa = PBXFileReference; fileEncoding = 4; lastKnownFileType = sourcecode.c.objc; path = AFHTTPRequestOperationManager.m; sourceTree = "<group>"; };
		844D3D3319B5A0D200D5FAA8 /* AFHTTPSessionManager.h */ = {isa = PBXFileReference; fileEncoding = 4; lastKnownFileType = sourcecode.c.h; path = AFHTTPSessionManager.h; sourceTree = "<group>"; };
		844D3D3419B5A0D200D5FAA8 /* AFHTTPSessionManager.m */ = {isa = PBXFileReference; fileEncoding = 4; lastKnownFileType = sourcecode.c.objc; path = AFHTTPSessionManager.m; sourceTree = "<group>"; };
		844D3D3519B5A0D200D5FAA8 /* AFNetworking.h */ = {isa = PBXFileReference; fileEncoding = 4; lastKnownFileType = sourcecode.c.h; path = AFNetworking.h; sourceTree = "<group>"; };
		844D3D3619B5A0D200D5FAA8 /* AFNetworkReachabilityManager.h */ = {isa = PBXFileReference; fileEncoding = 4; lastKnownFileType = sourcecode.c.h; path = AFNetworkReachabilityManager.h; sourceTree = "<group>"; };
		844D3D3719B5A0D200D5FAA8 /* AFNetworkReachabilityManager.m */ = {isa = PBXFileReference; fileEncoding = 4; lastKnownFileType = sourcecode.c.objc; path = AFNetworkReachabilityManager.m; sourceTree = "<group>"; };
		844D3D3819B5A0D200D5FAA8 /* AFSecurityPolicy.h */ = {isa = PBXFileReference; fileEncoding = 4; lastKnownFileType = sourcecode.c.h; path = AFSecurityPolicy.h; sourceTree = "<group>"; };
		844D3D3919B5A0D200D5FAA8 /* AFSecurityPolicy.m */ = {isa = PBXFileReference; fileEncoding = 4; lastKnownFileType = sourcecode.c.objc; path = AFSecurityPolicy.m; sourceTree = "<group>"; };
		844D3D3A19B5A0D200D5FAA8 /* AFURLConnectionOperation.h */ = {isa = PBXFileReference; fileEncoding = 4; lastKnownFileType = sourcecode.c.h; path = AFURLConnectionOperation.h; sourceTree = "<group>"; };
		844D3D3B19B5A0D200D5FAA8 /* AFURLConnectionOperation.m */ = {isa = PBXFileReference; fileEncoding = 4; lastKnownFileType = sourcecode.c.objc; path = AFURLConnectionOperation.m; sourceTree = "<group>"; };
		844D3D3C19B5A0D200D5FAA8 /* AFURLRequestSerialization.h */ = {isa = PBXFileReference; fileEncoding = 4; lastKnownFileType = sourcecode.c.h; path = AFURLRequestSerialization.h; sourceTree = "<group>"; };
		844D3D3D19B5A0D200D5FAA8 /* AFURLRequestSerialization.m */ = {isa = PBXFileReference; fileEncoding = 4; lastKnownFileType = sourcecode.c.objc; path = AFURLRequestSerialization.m; sourceTree = "<group>"; };
		844D3D3E19B5A0D200D5FAA8 /* AFURLResponseSerialization.h */ = {isa = PBXFileReference; fileEncoding = 4; lastKnownFileType = sourcecode.c.h; path = AFURLResponseSerialization.h; sourceTree = "<group>"; };
		844D3D3F19B5A0D200D5FAA8 /* AFURLResponseSerialization.m */ = {isa = PBXFileReference; fileEncoding = 4; lastKnownFileType = sourcecode.c.objc; path = AFURLResponseSerialization.m; sourceTree = "<group>"; };
		844D3D4019B5A0D200D5FAA8 /* AFURLSessionManager.h */ = {isa = PBXFileReference; fileEncoding = 4; lastKnownFileType = sourcecode.c.h; path = AFURLSessionManager.h; sourceTree = "<group>"; };
		844D3D4119B5A0D200D5FAA8 /* AFURLSessionManager.m */ = {isa = PBXFileReference; fileEncoding = 4; lastKnownFileType = sourcecode.c.objc; path = AFURLSessionManager.m; sourceTree = "<group>"; };
		844D3D4319B5A0D200D5FAA8 /* MBProgressHUD.h */ = {isa = PBXFileReference; fileEncoding = 4; lastKnownFileType = sourcecode.c.h; path = MBProgressHUD.h; sourceTree = "<group>"; };
		844D3D4419B5A0D200D5FAA8 /* MBProgressHUD.m */ = {isa = PBXFileReference; fileEncoding = 4; lastKnownFileType = sourcecode.c.objc; path = MBProgressHUD.m; sourceTree = "<group>"; };
		844D3D4619B5A0D200D5FAA8 /* MKAnnotationView+WebCache.h */ = {isa = PBXFileReference; fileEncoding = 4; lastKnownFileType = sourcecode.c.h; path = "MKAnnotationView+WebCache.h"; sourceTree = "<group>"; };
		844D3D4719B5A0D200D5FAA8 /* MKAnnotationView+WebCache.m */ = {isa = PBXFileReference; fileEncoding = 4; lastKnownFileType = sourcecode.c.objc; path = "MKAnnotationView+WebCache.m"; sourceTree = "<group>"; };
		844D3D4819B5A0D200D5FAA8 /* NSData+ImageContentType.h */ = {isa = PBXFileReference; fileEncoding = 4; lastKnownFileType = sourcecode.c.h; path = "NSData+ImageContentType.h"; sourceTree = "<group>"; };
		844D3D4919B5A0D200D5FAA8 /* NSData+ImageContentType.m */ = {isa = PBXFileReference; fileEncoding = 4; lastKnownFileType = sourcecode.c.objc; path = "NSData+ImageContentType.m"; sourceTree = "<group>"; };
		844D3D4A19B5A0D200D5FAA8 /* SDImageCache.h */ = {isa = PBXFileReference; fileEncoding = 4; lastKnownFileType = sourcecode.c.h; path = SDImageCache.h; sourceTree = "<group>"; };
		844D3D4B19B5A0D200D5FAA8 /* SDImageCache.m */ = {isa = PBXFileReference; fileEncoding = 4; lastKnownFileType = sourcecode.c.objc; path = SDImageCache.m; sourceTree = "<group>"; };
		844D3D4C19B5A0D200D5FAA8 /* SDWebImageCombinedOperation.h */ = {isa = PBXFileReference; fileEncoding = 4; lastKnownFileType = sourcecode.c.h; path = SDWebImageCombinedOperation.h; sourceTree = "<group>"; };
		844D3D4D19B5A0D200D5FAA8 /* SDWebImageCombinedOperation.m */ = {isa = PBXFileReference; fileEncoding = 4; lastKnownFileType = sourcecode.c.objc; path = SDWebImageCombinedOperation.m; sourceTree = "<group>"; };
		844D3D4E19B5A0D200D5FAA8 /* SDWebImageCompat.h */ = {isa = PBXFileReference; fileEncoding = 4; lastKnownFileType = sourcecode.c.h; path = SDWebImageCompat.h; sourceTree = "<group>"; };
		844D3D4F19B5A0D200D5FAA8 /* SDWebImageCompat.m */ = {isa = PBXFileReference; fileEncoding = 4; lastKnownFileType = sourcecode.c.objc; path = SDWebImageCompat.m; sourceTree = "<group>"; };
		844D3D5019B5A0D200D5FAA8 /* SDWebImageDecoder.h */ = {isa = PBXFileReference; fileEncoding = 4; lastKnownFileType = sourcecode.c.h; path = SDWebImageDecoder.h; sourceTree = "<group>"; };
		844D3D5119B5A0D200D5FAA8 /* SDWebImageDecoder.m */ = {isa = PBXFileReference; fileEncoding = 4; lastKnownFileType = sourcecode.c.objc; path = SDWebImageDecoder.m; sourceTree = "<group>"; };
		844D3D5219B5A0D200D5FAA8 /* SDWebImageDownloader.h */ = {isa = PBXFileReference; fileEncoding = 4; lastKnownFileType = sourcecode.c.h; path = SDWebImageDownloader.h; sourceTree = "<group>"; };
		844D3D5319B5A0D200D5FAA8 /* SDWebImageDownloader.m */ = {isa = PBXFileReference; fileEncoding = 4; lastKnownFileType = sourcecode.c.objc; path = SDWebImageDownloader.m; sourceTree = "<group>"; };
		844D3D5419B5A0D200D5FAA8 /* SDWebImageDownloaderOperation.h */ = {isa = PBXFileReference; fileEncoding = 4; lastKnownFileType = sourcecode.c.h; path = SDWebImageDownloaderOperation.h; sourceTree = "<group>"; };
		844D3D5519B5A0D200D5FAA8 /* SDWebImageDownloaderOperation.m */ = {isa = PBXFileReference; fileEncoding = 4; lastKnownFileType = sourcecode.c.objc; path = SDWebImageDownloaderOperation.m; sourceTree = "<group>"; };
		844D3D5619B5A0D200D5FAA8 /* SDWebImageManager.h */ = {isa = PBXFileReference; fileEncoding = 4; lastKnownFileType = sourcecode.c.h; path = SDWebImageManager.h; sourceTree = "<group>"; };
		844D3D5719B5A0D200D5FAA8 /* SDWebImageManager.m */ = {isa = PBXFileReference; fileEncoding = 4; lastKnownFileType = sourcecode.c.objc; path = SDWebImageManager.m; sourceTree = "<group>"; };
		844D3D5819B5A0D200D5FAA8 /* SDWebImageOperation.h */ = {isa = PBXFileReference; fileEncoding = 4; lastKnownFileType = sourcecode.c.h; path = SDWebImageOperation.h; sourceTree = "<group>"; };
		844D3D5919B5A0D200D5FAA8 /* SDWebImagePrefetcher.h */ = {isa = PBXFileReference; fileEncoding = 4; lastKnownFileType = sourcecode.c.h; path = SDWebImagePrefetcher.h; sourceTree = "<group>"; };
		844D3D5A19B5A0D200D5FAA8 /* SDWebImagePrefetcher.m */ = {isa = PBXFileReference; fileEncoding = 4; lastKnownFileType = sourcecode.c.objc; path = SDWebImagePrefetcher.m; sourceTree = "<group>"; };
		844D3D5B19B5A0D200D5FAA8 /* UIButton+WebCache.h */ = {isa = PBXFileReference; fileEncoding = 4; lastKnownFileType = sourcecode.c.h; path = "UIButton+WebCache.h"; sourceTree = "<group>"; };
		844D3D5C19B5A0D200D5FAA8 /* UIButton+WebCache.m */ = {isa = PBXFileReference; fileEncoding = 4; lastKnownFileType = sourcecode.c.objc; path = "UIButton+WebCache.m"; sourceTree = "<group>"; };
		844D3D5D19B5A0D200D5FAA8 /* UIImage+GIF.h */ = {isa = PBXFileReference; fileEncoding = 4; lastKnownFileType = sourcecode.c.h; path = "UIImage+GIF.h"; sourceTree = "<group>"; };
		844D3D5E19B5A0D200D5FAA8 /* UIImage+GIF.m */ = {isa = PBXFileReference; fileEncoding = 4; lastKnownFileType = sourcecode.c.objc; path = "UIImage+GIF.m"; sourceTree = "<group>"; };
		844D3D5F19B5A0D200D5FAA8 /* UIImage+MultiFormat.h */ = {isa = PBXFileReference; fileEncoding = 4; lastKnownFileType = sourcecode.c.h; path = "UIImage+MultiFormat.h"; sourceTree = "<group>"; };
		844D3D6019B5A0D200D5FAA8 /* UIImage+MultiFormat.m */ = {isa = PBXFileReference; fileEncoding = 4; lastKnownFileType = sourcecode.c.objc; path = "UIImage+MultiFormat.m"; sourceTree = "<group>"; };
		844D3D6119B5A0D200D5FAA8 /* UIImage+WebP.h */ = {isa = PBXFileReference; fileEncoding = 4; lastKnownFileType = sourcecode.c.h; path = "UIImage+WebP.h"; sourceTree = "<group>"; };
		844D3D6219B5A0D200D5FAA8 /* UIImage+WebP.m */ = {isa = PBXFileReference; fileEncoding = 4; lastKnownFileType = sourcecode.c.objc; path = "UIImage+WebP.m"; sourceTree = "<group>"; };
		844D3D6319B5A0D200D5FAA8 /* UIImageView+WebCache.h */ = {isa = PBXFileReference; fileEncoding = 4; lastKnownFileType = sourcecode.c.h; path = "UIImageView+WebCache.h"; sourceTree = "<group>"; };
		844D3D6419B5A0D200D5FAA8 /* UIImageView+WebCache.m */ = {isa = PBXFileReference; fileEncoding = 4; lastKnownFileType = sourcecode.c.objc; path = "UIImageView+WebCache.m"; sourceTree = "<group>"; };
		844D3D6719B5A0D200D5FAA8 /* TencentOpenAPI.framework */ = {isa = PBXFileReference; lastKnownFileType = wrapper.framework; path = TencentOpenAPI.framework; sourceTree = "<group>"; };
		844D3D6819B5A0D200D5FAA8 /* TencentOpenApi_IOS_Bundle.bundle */ = {isa = PBXFileReference; lastKnownFileType = "wrapper.plug-in"; path = TencentOpenApi_IOS_Bundle.bundle; sourceTree = "<group>"; };
		844D3D6A19B5A0D200D5FAA8 /* libWeiboSDK.a */ = {isa = PBXFileReference; lastKnownFileType = archive.ar; path = libWeiboSDK.a; sourceTree = "<group>"; };
		844D3D6B19B5A0D200D5FAA8 /* WeiboSDK.bundle */ = {isa = PBXFileReference; lastKnownFileType = "wrapper.plug-in"; path = WeiboSDK.bundle; sourceTree = "<group>"; };
		844D3D6C19B5A0D200D5FAA8 /* WeiboSDK.h */ = {isa = PBXFileReference; fileEncoding = 4; lastKnownFileType = sourcecode.c.h; path = WeiboSDK.h; sourceTree = "<group>"; };
		844D3D6E19B5A0D200D5FAA8 /* libWeChatSDK.a */ = {isa = PBXFileReference; lastKnownFileType = archive.ar; path = libWeChatSDK.a; sourceTree = "<group>"; };
		844D3D6F19B5A0D200D5FAA8 /* WXApi.h */ = {isa = PBXFileReference; fileEncoding = 4; lastKnownFileType = sourcecode.c.h; path = WXApi.h; sourceTree = "<group>"; };
		844D3D7019B5A0D200D5FAA8 /* WXApiObject.h */ = {isa = PBXFileReference; fileEncoding = 4; lastKnownFileType = sourcecode.c.h; path = WXApiObject.h; sourceTree = "<group>"; };
		844D3D9719B5A2EC00D5FAA8 /* ZWRequest.h */ = {isa = PBXFileReference; fileEncoding = 4; lastKnownFileType = sourcecode.c.h; path = ZWRequest.h; sourceTree = "<group>"; };
		844D3D9819B5A2EC00D5FAA8 /* ZWRequest.m */ = {isa = PBXFileReference; fileEncoding = 4; lastKnownFileType = sourcecode.c.objc; path = ZWRequest.m; sourceTree = "<group>"; };
		844D3DB419B5BAFC00D5FAA8 /* HTTPUtil.h */ = {isa = PBXFileReference; fileEncoding = 4; lastKnownFileType = sourcecode.c.h; path = HTTPUtil.h; sourceTree = "<group>"; };
		844D3DB519B5BAFC00D5FAA8 /* HTTPUtil.m */ = {isa = PBXFileReference; fileEncoding = 4; lastKnownFileType = sourcecode.c.objc; path = HTTPUtil.m; sourceTree = "<group>"; };
		844D3DB719B5CC6A00D5FAA8 /* ZWResquestData.h */ = {isa = PBXFileReference; fileEncoding = 4; lastKnownFileType = sourcecode.c.h; path = ZWResquestData.h; sourceTree = "<group>"; };
		844D3DB819B5CC6A00D5FAA8 /* ZWResquestData.m */ = {isa = PBXFileReference; fileEncoding = 4; lastKnownFileType = sourcecode.c.objc; path = ZWResquestData.m; sourceTree = "<group>"; };
		845E2B9519FCA3CE0045BEFD /* BeeCache.h */ = {isa = PBXFileReference; fileEncoding = 4; lastKnownFileType = sourcecode.c.h; path = BeeCache.h; sourceTree = "<group>"; };
		845E2B9619FCA3CE0045BEFD /* BeeCache.m */ = {isa = PBXFileReference; fileEncoding = 4; lastKnownFileType = sourcecode.c.objc; path = BeeCache.m; sourceTree = "<group>"; };
		845E2B9719FCA3CE0045BEFD /* BeeSandbox.h */ = {isa = PBXFileReference; fileEncoding = 4; lastKnownFileType = sourcecode.c.h; path = BeeSandbox.h; sourceTree = "<group>"; };
		845E2B9819FCA3CE0045BEFD /* BeeSandbox.m */ = {isa = PBXFileReference; fileEncoding = 4; lastKnownFileType = sourcecode.c.objc; path = BeeSandbox.m; sourceTree = "<group>"; };
		845E2B9919FCA3CE0045BEFD /* BeeSystemInfo.h */ = {isa = PBXFileReference; fileEncoding = 4; lastKnownFileType = sourcecode.c.h; path = BeeSystemInfo.h; sourceTree = "<group>"; };
		845E2B9A19FCA3CE0045BEFD /* BeeSystemInfo.m */ = {isa = PBXFileReference; fileEncoding = 4; lastKnownFileType = sourcecode.c.objc; path = BeeSystemInfo.m; sourceTree = "<group>"; };
		845E2B9B19FCA3CE0045BEFD /* NSDictionary+BeeExtension.h */ = {isa = PBXFileReference; fileEncoding = 4; lastKnownFileType = sourcecode.c.h; path = "NSDictionary+BeeExtension.h"; sourceTree = "<group>"; };
		845E2B9C19FCA3CE0045BEFD /* NSDictionary+BeeExtension.m */ = {isa = PBXFileReference; fileEncoding = 4; lastKnownFileType = sourcecode.c.objc; path = "NSDictionary+BeeExtension.m"; sourceTree = "<group>"; };
		845E2B9E19FCA3CE0045BEFD /* arrow.png */ = {isa = PBXFileReference; lastKnownFileType = image.png; path = arrow.png; sourceTree = "<group>"; };
		845E2B9F19FCA3CE0045BEFD /* EGORefreshTableHeaderView.h */ = {isa = PBXFileReference; fileEncoding = 4; lastKnownFileType = sourcecode.c.h; path = EGORefreshTableHeaderView.h; sourceTree = "<group>"; };
		845E2BA019FCA3CE0045BEFD /* EGORefreshTableHeaderView.m */ = {isa = PBXFileReference; fileEncoding = 4; lastKnownFileType = sourcecode.c.objc; path = EGORefreshTableHeaderView.m; sourceTree = "<group>"; };
		845E2BA219FCA3CE0045BEFD /* HashUtility.h */ = {isa = PBXFileReference; fileEncoding = 4; lastKnownFileType = sourcecode.c.h; path = HashUtility.h; sourceTree = "<group>"; };
		845E2BA319FCA3CE0045BEFD /* HashUtility.m */ = {isa = PBXFileReference; fileEncoding = 4; lastKnownFileType = sourcecode.c.objc; path = HashUtility.m; sourceTree = "<group>"; };
		845E2BA519FCA3CE0045BEFD /* UIDevice+Hardware.h */ = {isa = PBXFileReference; fileEncoding = 4; lastKnownFileType = sourcecode.c.h; path = "UIDevice+Hardware.h"; sourceTree = "<group>"; };
		845E2BA619FCA3CE0045BEFD /* UIDevice+Hardware.m */ = {isa = PBXFileReference; fileEncoding = 4; lastKnownFileType = sourcecode.c.objc; path = "UIDevice+Hardware.m"; sourceTree = "<group>"; };
		845E2BB319FCA5960045BEFD /* ZWResignViewController.h */ = {isa = PBXFileReference; fileEncoding = 4; lastKnownFileType = sourcecode.c.h; path = ZWResignViewController.h; sourceTree = "<group>"; };
		845E2BB419FCA5960045BEFD /* ZWResignViewController.m */ = {isa = PBXFileReference; fileEncoding = 4; lastKnownFileType = sourcecode.c.objc; path = ZWResignViewController.m; sourceTree = "<group>"; };
		845E2BB719FCA5F10045BEFD /* ZWTabBarController.h */ = {isa = PBXFileReference; fileEncoding = 4; lastKnownFileType = sourcecode.c.h; path = ZWTabBarController.h; sourceTree = "<group>"; };
		845E2BB819FCA6000045BEFD /* ZWTabBarController.m */ = {isa = PBXFileReference; fileEncoding = 4; lastKnownFileType = sourcecode.c.objc; path = ZWTabBarController.m; sourceTree = "<group>"; };
		845E2BBA19FCA6210045BEFD /* ZWViewController.h */ = {isa = PBXFileReference; fileEncoding = 4; lastKnownFileType = sourcecode.c.h; path = ZWViewController.h; sourceTree = "<group>"; };
		845E2BBB19FCA6210045BEFD /* ZWViewController.m */ = {isa = PBXFileReference; fileEncoding = 4; lastKnownFileType = sourcecode.c.objc; path = ZWViewController.m; sourceTree = "<group>"; };
		845E2BBE19FCA81D0045BEFD /* ico_cam@2x.png */ = {isa = PBXFileReference; lastKnownFileType = image.png; path = "ico_cam@2x.png"; sourceTree = "<group>"; };
		845E2BBF19FCA81D0045BEFD /* ico_hall_off@2x.png */ = {isa = PBXFileReference; lastKnownFileType = image.png; path = "ico_hall_off@2x.png"; sourceTree = "<group>"; };
		845E2BC019FCA81E0045BEFD /* ico_hall_on@2x.png */ = {isa = PBXFileReference; lastKnownFileType = image.png; path = "ico_hall_on@2x.png"; sourceTree = "<group>"; };
		845E2BC119FCA81E0045BEFD /* ico_home_off@2x.png */ = {isa = PBXFileReference; lastKnownFileType = image.png; path = "ico_home_off@2x.png"; sourceTree = "<group>"; };
		845E2BC219FCA81E0045BEFD /* ico_home_on@2x.png */ = {isa = PBXFileReference; lastKnownFileType = image.png; path = "ico_home_on@2x.png"; sourceTree = "<group>"; };
		845E2BC319FCA81E0045BEFD /* ico_message_off@2x.png */ = {isa = PBXFileReference; lastKnownFileType = image.png; path = "ico_message_off@2x.png"; sourceTree = "<group>"; };
		845E2BC419FCA81E0045BEFD /* ico_message_on@2x.png */ = {isa = PBXFileReference; lastKnownFileType = image.png; path = "ico_message_on@2x.png"; sourceTree = "<group>"; };
		845E2BC519FCA81E0045BEFD /* ico_my_off@2x.png */ = {isa = PBXFileReference; lastKnownFileType = image.png; path = "ico_my_off@2x.png"; sourceTree = "<group>"; };
		845E2BC619FCA81E0045BEFD /* ico_my_on@2x.png */ = {isa = PBXFileReference; lastKnownFileType = image.png; path = "ico_my_on@2x.png"; sourceTree = "<group>"; };
		845E2BD419FCE4B30045BEFD /* CameraViewController.h */ = {isa = PBXFileReference; fileEncoding = 4; lastKnownFileType = sourcecode.c.h; path = CameraViewController.h; sourceTree = "<group>"; };
		845E2BD519FCE4B30045BEFD /* CameraViewController.m */ = {isa = PBXFileReference; fileEncoding = 4; lastKnownFileType = sourcecode.c.objc; path = CameraViewController.m; sourceTree = "<group>"; };
		845E2BD819FCE53B0045BEFD /* bg_login@2x.png */ = {isa = PBXFileReference; lastKnownFileType = image.png; path = "bg_login@2x.png"; sourceTree = "<group>"; };
		845E2BD919FCE53B0045BEFD /* login_logo@2x.png */ = {isa = PBXFileReference; lastKnownFileType = image.png; path = "login_logo@2x.png"; sourceTree = "<group>"; };
		845E2BDA19FCE53B0045BEFD /* login_qq@2x.png */ = {isa = PBXFileReference; lastKnownFileType = image.png; path = "login_qq@2x.png"; sourceTree = "<group>"; };
		845E2BDB19FCE53B0045BEFD /* login_sina@2x.png */ = {isa = PBXFileReference; lastKnownFileType = image.png; path = "login_sina@2x.png"; sourceTree = "<group>"; };
		845E2BDC19FCE53B0045BEFD /* login_weixin@2x.png */ = {isa = PBXFileReference; lastKnownFileType = image.png; path = "login_weixin@2x.png"; sourceTree = "<group>"; };
		845E2BE519FCE6640045BEFD /* ZWLoginViewController.h */ = {isa = PBXFileReference; fileEncoding = 4; lastKnownFileType = sourcecode.c.h; path = ZWLoginViewController.h; sourceTree = "<group>"; };
		845E2BE619FCE6640045BEFD /* ZWLoginViewController.m */ = {isa = PBXFileReference; fileEncoding = 4; lastKnownFileType = sourcecode.c.objc; path = ZWLoginViewController.m; sourceTree = "<group>"; };
		84825D7819FE9D6600E590FC /* libsqlite3.dylib */ = {isa = PBXFileReference; lastKnownFileType = "compiled.mach-o.dylib"; name = libsqlite3.dylib; path = usr/lib/libsqlite3.dylib; sourceTree = SDKROOT; };
		84825D7A19FE9D7C00E590FC /* libstdc++.dylib */ = {isa = PBXFileReference; lastKnownFileType = "compiled.mach-o.dylib"; name = "libstdc++.dylib"; path = "usr/lib/libstdc++.dylib"; sourceTree = SDKROOT; };
		84825D7C19FE9D8E00E590FC /* libiconv.dylib */ = {isa = PBXFileReference; lastKnownFileType = "compiled.mach-o.dylib"; name = libiconv.dylib; path = usr/lib/libiconv.dylib; sourceTree = SDKROOT; };
		84825D7E19FE9D9E00E590FC /* libz.dylib */ = {isa = PBXFileReference; lastKnownFileType = "compiled.mach-o.dylib"; name = libz.dylib; path = usr/lib/libz.dylib; sourceTree = SDKROOT; };
		84825D8019FE9DAC00E590FC /* Security.framework */ = {isa = PBXFileReference; lastKnownFileType = wrapper.framework; name = Security.framework; path = System/Library/Frameworks/Security.framework; sourceTree = SDKROOT; };
		84825D8219FE9DBA00E590FC /* SystemConfiguration.framework */ = {isa = PBXFileReference; lastKnownFileType = wrapper.framework; name = SystemConfiguration.framework; path = System/Library/Frameworks/SystemConfiguration.framework; sourceTree = SDKROOT; };
		84825D8419FE9DC600E590FC /* CoreTelephony.framework */ = {isa = PBXFileReference; lastKnownFileType = wrapper.framework; name = CoreTelephony.framework; path = System/Library/Frameworks/CoreTelephony.framework; sourceTree = SDKROOT; };
		84DABD2319BEF93200CB99A5 /* ZWShareData.h */ = {isa = PBXFileReference; fileEncoding = 4; lastKnownFileType = sourcecode.c.h; path = ZWShareData.h; sourceTree = "<group>"; };
		84DABD2419BEF93200CB99A5 /* ZWShareData.m */ = {isa = PBXFileReference; fileEncoding = 4; lastKnownFileType = sourcecode.c.objc; path = ZWShareData.m; sourceTree = "<group>"; };
		84DABD2619BEFF8500CB99A5 /* ZWXXXList.h */ = {isa = PBXFileReference; fileEncoding = 4; lastKnownFileType = sourcecode.c.h; path = ZWXXXList.h; sourceTree = "<group>"; };
		84DABD2719BEFF8500CB99A5 /* ZWXXXList.m */ = {isa = PBXFileReference; fileEncoding = 4; lastKnownFileType = sourcecode.c.objc; path = ZWXXXList.m; sourceTree = "<group>"; };
		84DABD2A19BF041300CB99A5 /* Consts.h */ = {isa = PBXFileReference; lastKnownFileType = sourcecode.c.h; path = Consts.h; sourceTree = "<group>"; };
		84DABD2C19BF066800CB99A5 /* HexColor.h */ = {isa = PBXFileReference; fileEncoding = 4; lastKnownFileType = sourcecode.c.h; path = HexColor.h; sourceTree = "<group>"; };
		84DABD2D19BF066800CB99A5 /* HexColor.m */ = {isa = PBXFileReference; fileEncoding = 4; lastKnownFileType = sourcecode.c.objc; path = HexColor.m; sourceTree = "<group>"; };
		84DABD3019BF06BE00CB99A5 /* UIImage+fixOrientation.h */ = {isa = PBXFileReference; fileEncoding = 4; lastKnownFileType = sourcecode.c.h; path = "UIImage+fixOrientation.h"; sourceTree = "<group>"; };
		84DABD3119BF06BE00CB99A5 /* UIImage+fixOrientation.m */ = {isa = PBXFileReference; fileEncoding = 4; lastKnownFileType = sourcecode.c.objc; path = "UIImage+fixOrientation.m"; sourceTree = "<group>"; };
/* End PBXFileReference section */

/* Begin PBXFrameworksBuildPhase section */
		844D3CF519B5A0BE00D5FAA8 /* Frameworks */ = {
			isa = PBXFrameworksBuildPhase;
			buildActionMask = 2147483647;
			files = (
				84825D8519FE9DC600E590FC /* CoreTelephony.framework in Frameworks */,
				84825D8319FE9DBA00E590FC /* SystemConfiguration.framework in Frameworks */,
				84825D8119FE9DAC00E590FC /* Security.framework in Frameworks */,
				84825D7F19FE9D9E00E590FC /* libz.dylib in Frameworks */,
				84825D7D19FE9D8E00E590FC /* libiconv.dylib in Frameworks */,
				84825D7B19FE9D7C00E590FC /* libstdc++.dylib in Frameworks */,
				84825D7919FE9D6600E590FC /* libsqlite3.dylib in Frameworks */,
				844D3D8C19B5A0D200D5FAA8 /* libWeiboSDK.a in Frameworks */,
				844D3CFE19B5A0BE00D5FAA8 /* CoreGraphics.framework in Frameworks */,
				844D3D8E19B5A0D200D5FAA8 /* libWeChatSDK.a in Frameworks */,
				844D3D8A19B5A0D200D5FAA8 /* TencentOpenAPI.framework in Frameworks */,
				844D3D0019B5A0BE00D5FAA8 /* UIKit.framework in Frameworks */,
				844D3CFC19B5A0BE00D5FAA8 /* Foundation.framework in Frameworks */,
			);
			runOnlyForDeploymentPostprocessing = 0;
		};
		844D3D1019B5A0BE00D5FAA8 /* Frameworks */ = {
			isa = PBXFrameworksBuildPhase;
			buildActionMask = 2147483647;
			files = (
				844D3D1519B5A0BE00D5FAA8 /* XCTest.framework in Frameworks */,
				844D3D1719B5A0BE00D5FAA8 /* UIKit.framework in Frameworks */,
				844D3D1619B5A0BE00D5FAA8 /* Foundation.framework in Frameworks */,
			);
			runOnlyForDeploymentPostprocessing = 0;
		};
/* End PBXFrameworksBuildPhase section */

/* Begin PBXGroup section */
		840C5A0B19B6E7B40007F1C3 /* Request */ = {
			isa = PBXGroup;
			children = (
				840C5A0C19B6E7DB0007F1C3 /* ZWDemoRequest.h */,
				840C5A0D19B6E7DB0007F1C3 /* ZWDemoRequest.m */,
			);
			path = Request;
			sourceTree = "<group>";
		};
		844D3CEF19B5A0BE00D5FAA8 = {
			isa = PBXGroup;
			children = (
				844D3D0119B5A0BE00D5FAA8 /* Demo */,
				844D3D1A19B5A0BE00D5FAA8 /* DemoTests */,
				844D3CFA19B5A0BE00D5FAA8 /* Frameworks */,
				844D3CF919B5A0BE00D5FAA8 /* Products */,
			);
			sourceTree = "<group>";
		};
		844D3CF919B5A0BE00D5FAA8 /* Products */ = {
			isa = PBXGroup;
			children = (
				844D3CF819B5A0BE00D5FAA8 /* Demo.app */,
				844D3D1319B5A0BE00D5FAA8 /* DemoTests.xctest */,
			);
			name = Products;
			sourceTree = "<group>";
		};
		844D3CFA19B5A0BE00D5FAA8 /* Frameworks */ = {
			isa = PBXGroup;
			children = (
				84825D8419FE9DC600E590FC /* CoreTelephony.framework */,
				84825D8219FE9DBA00E590FC /* SystemConfiguration.framework */,
				84825D8019FE9DAC00E590FC /* Security.framework */,
				84825D7E19FE9D9E00E590FC /* libz.dylib */,
				84825D7C19FE9D8E00E590FC /* libiconv.dylib */,
				84825D7A19FE9D7C00E590FC /* libstdc++.dylib */,
				84825D7819FE9D6600E590FC /* libsqlite3.dylib */,
				844D3CFB19B5A0BE00D5FAA8 /* Foundation.framework */,
				844D3CFD19B5A0BE00D5FAA8 /* CoreGraphics.framework */,
				844D3CFF19B5A0BE00D5FAA8 /* UIKit.framework */,
				844D3D1419B5A0BE00D5FAA8 /* XCTest.framework */,
			);
			name = Frameworks;
			sourceTree = "<group>";
		};
		844D3D0119B5A0BE00D5FAA8 /* Demo */ = {
			isa = PBXGroup;
			children = (
				844D3D0A19B5A0BE00D5FAA8 /* AppDelegate.h */,
				844D3D0B19B5A0BE00D5FAA8 /* AppDelegate.m */,
				844D3D0D19B5A0BE00D5FAA8 /* Images.xcassets */,
				844D3D2A19B5A0CD00D5FAA8 /* Images */,
				844D3D9019B5A0DC00D5FAA8 /* ZWViewController */,
				840C5A0B19B6E7B40007F1C3 /* Request */,
				84DABD2219BEF8DE00CB99A5 /* Data */,
				84DABD2919BF00EE00CB99A5 /* Const */,
				84DABD2F19BF06B600CB99A5 /* Category */,
				84DABD2B19BF065500CB99A5 /* Util */,
				844D3D8F19B5A0D700D5FAA8 /* Network */,
				844D3D2D19B5A0D200D5FAA8 /* Vendor */,
				844D3D0219B5A0BE00D5FAA8 /* Supporting Files */,
			);
			path = Demo;
			sourceTree = "<group>";
		};
		844D3D0219B5A0BE00D5FAA8 /* Supporting Files */ = {
			isa = PBXGroup;
			children = (
				844D3D0319B5A0BE00D5FAA8 /* Demo-Info.plist */,
				844D3D0419B5A0BE00D5FAA8 /* InfoPlist.strings */,
				844D3D0719B5A0BE00D5FAA8 /* main.m */,
				844D3D0919B5A0BE00D5FAA8 /* Demo-Prefix.pch */,
			);
			name = "Supporting Files";
			sourceTree = "<group>";
		};
		844D3D1A19B5A0BE00D5FAA8 /* DemoTests */ = {
			isa = PBXGroup;
			children = (
				844D3D2019B5A0BE00D5FAA8 /* DemoTests.m */,
				844D3D1B19B5A0BE00D5FAA8 /* Supporting Files */,
			);
			path = DemoTests;
			sourceTree = "<group>";
		};
		844D3D1B19B5A0BE00D5FAA8 /* Supporting Files */ = {
			isa = PBXGroup;
			children = (
				844D3D1C19B5A0BE00D5FAA8 /* DemoTests-Info.plist */,
				844D3D1D19B5A0BE00D5FAA8 /* InfoPlist.strings */,
			);
			name = "Supporting Files";
			sourceTree = "<group>";
		};
		844D3D2A19B5A0CD00D5FAA8 /* Images */ = {
			isa = PBXGroup;
			children = (
				845E2BD719FCE53B0045BEFD /* Login */,
				845E2BBD19FCA81D0045BEFD /* Tab */,
			);
			path = Images;
			sourceTree = "<group>";
		};
		844D3D2D19B5A0D200D5FAA8 /* Vendor */ = {
			isa = PBXGroup;
			children = (
				845E2B9419FCA3CE0045BEFD /* BeeFramework */,
				845E2B9D19FCA3CE0045BEFD /* EGO */,
				845E2BA119FCA3CE0045BEFD /* HashUtility */,
				845E2BA419FCA3CE0045BEFD /* UIDevice+Hardware */,
				844D3D2E19B5A0D200D5FAA8 /* AFNetworking */,
				844D3D4219B5A0D200D5FAA8 /* MBProgressHUD */,
				844D3D4519B5A0D200D5FAA8 /* SDWebImage */,
				844D3D6519B5A0D200D5FAA8 /* Share */,
			);
			path = Vendor;
			sourceTree = "<group>";
		};
		844D3D2E19B5A0D200D5FAA8 /* AFNetworking */ = {
			isa = PBXGroup;
			children = (
				844D3D2F19B5A0D200D5FAA8 /* AFHTTPRequestOperation.h */,
				844D3D3019B5A0D200D5FAA8 /* AFHTTPRequestOperation.m */,
				844D3D3119B5A0D200D5FAA8 /* AFHTTPRequestOperationManager.h */,
				844D3D3219B5A0D200D5FAA8 /* AFHTTPRequestOperationManager.m */,
				844D3D3319B5A0D200D5FAA8 /* AFHTTPSessionManager.h */,
				844D3D3419B5A0D200D5FAA8 /* AFHTTPSessionManager.m */,
				844D3D3519B5A0D200D5FAA8 /* AFNetworking.h */,
				844D3D3619B5A0D200D5FAA8 /* AFNetworkReachabilityManager.h */,
				844D3D3719B5A0D200D5FAA8 /* AFNetworkReachabilityManager.m */,
				844D3D3819B5A0D200D5FAA8 /* AFSecurityPolicy.h */,
				844D3D3919B5A0D200D5FAA8 /* AFSecurityPolicy.m */,
				844D3D3A19B5A0D200D5FAA8 /* AFURLConnectionOperation.h */,
				844D3D3B19B5A0D200D5FAA8 /* AFURLConnectionOperation.m */,
				844D3D3C19B5A0D200D5FAA8 /* AFURLRequestSerialization.h */,
				844D3D3D19B5A0D200D5FAA8 /* AFURLRequestSerialization.m */,
				844D3D3E19B5A0D200D5FAA8 /* AFURLResponseSerialization.h */,
				844D3D3F19B5A0D200D5FAA8 /* AFURLResponseSerialization.m */,
				844D3D4019B5A0D200D5FAA8 /* AFURLSessionManager.h */,
				844D3D4119B5A0D200D5FAA8 /* AFURLSessionManager.m */,
			);
			path = AFNetworking;
			sourceTree = "<group>";
		};
		844D3D4219B5A0D200D5FAA8 /* MBProgressHUD */ = {
			isa = PBXGroup;
			children = (
				844D3D4319B5A0D200D5FAA8 /* MBProgressHUD.h */,
				844D3D4419B5A0D200D5FAA8 /* MBProgressHUD.m */,
			);
			path = MBProgressHUD;
			sourceTree = "<group>";
		};
		844D3D4519B5A0D200D5FAA8 /* SDWebImage */ = {
			isa = PBXGroup;
			children = (
				844D3D4619B5A0D200D5FAA8 /* MKAnnotationView+WebCache.h */,
				844D3D4719B5A0D200D5FAA8 /* MKAnnotationView+WebCache.m */,
				844D3D4819B5A0D200D5FAA8 /* NSData+ImageContentType.h */,
				844D3D4919B5A0D200D5FAA8 /* NSData+ImageContentType.m */,
				844D3D4A19B5A0D200D5FAA8 /* SDImageCache.h */,
				844D3D4B19B5A0D200D5FAA8 /* SDImageCache.m */,
				844D3D4C19B5A0D200D5FAA8 /* SDWebImageCombinedOperation.h */,
				844D3D4D19B5A0D200D5FAA8 /* SDWebImageCombinedOperation.m */,
				844D3D4E19B5A0D200D5FAA8 /* SDWebImageCompat.h */,
				844D3D4F19B5A0D200D5FAA8 /* SDWebImageCompat.m */,
				844D3D5019B5A0D200D5FAA8 /* SDWebImageDecoder.h */,
				844D3D5119B5A0D200D5FAA8 /* SDWebImageDecoder.m */,
				844D3D5219B5A0D200D5FAA8 /* SDWebImageDownloader.h */,
				844D3D5319B5A0D200D5FAA8 /* SDWebImageDownloader.m */,
				844D3D5419B5A0D200D5FAA8 /* SDWebImageDownloaderOperation.h */,
				844D3D5519B5A0D200D5FAA8 /* SDWebImageDownloaderOperation.m */,
				844D3D5619B5A0D200D5FAA8 /* SDWebImageManager.h */,
				844D3D5719B5A0D200D5FAA8 /* SDWebImageManager.m */,
				844D3D5819B5A0D200D5FAA8 /* SDWebImageOperation.h */,
				844D3D5919B5A0D200D5FAA8 /* SDWebImagePrefetcher.h */,
				844D3D5A19B5A0D200D5FAA8 /* SDWebImagePrefetcher.m */,
				844D3D5B19B5A0D200D5FAA8 /* UIButton+WebCache.h */,
				844D3D5C19B5A0D200D5FAA8 /* UIButton+WebCache.m */,
				844D3D5D19B5A0D200D5FAA8 /* UIImage+GIF.h */,
				844D3D5E19B5A0D200D5FAA8 /* UIImage+GIF.m */,
				844D3D5F19B5A0D200D5FAA8 /* UIImage+MultiFormat.h */,
				844D3D6019B5A0D200D5FAA8 /* UIImage+MultiFormat.m */,
				844D3D6119B5A0D200D5FAA8 /* UIImage+WebP.h */,
				844D3D6219B5A0D200D5FAA8 /* UIImage+WebP.m */,
				844D3D6319B5A0D200D5FAA8 /* UIImageView+WebCache.h */,
				844D3D6419B5A0D200D5FAA8 /* UIImageView+WebCache.m */,
			);
			path = SDWebImage;
			sourceTree = "<group>";
		};
		844D3D6519B5A0D200D5FAA8 /* Share */ = {
			isa = PBXGroup;
			children = (
				844D3D6619B5A0D200D5FAA8 /* QQ */,
				844D3D6919B5A0D200D5FAA8 /* Weibo */,
				844D3D6D19B5A0D200D5FAA8 /* Weixin */,
			);
			path = Share;
			sourceTree = "<group>";
		};
		844D3D6619B5A0D200D5FAA8 /* QQ */ = {
			isa = PBXGroup;
			children = (
				844D3D6719B5A0D200D5FAA8 /* TencentOpenAPI.framework */,
				844D3D6819B5A0D200D5FAA8 /* TencentOpenApi_IOS_Bundle.bundle */,
			);
			path = QQ;
			sourceTree = "<group>";
		};
		844D3D6919B5A0D200D5FAA8 /* Weibo */ = {
			isa = PBXGroup;
			children = (
				844D3D6A19B5A0D200D5FAA8 /* libWeiboSDK.a */,
				844D3D6B19B5A0D200D5FAA8 /* WeiboSDK.bundle */,
				844D3D6C19B5A0D200D5FAA8 /* WeiboSDK.h */,
			);
			path = Weibo;
			sourceTree = "<group>";
		};
		844D3D6D19B5A0D200D5FAA8 /* Weixin */ = {
			isa = PBXGroup;
			children = (
				844D3D6E19B5A0D200D5FAA8 /* libWeChatSDK.a */,
				844D3D6F19B5A0D200D5FAA8 /* WXApi.h */,
				844D3D7019B5A0D200D5FAA8 /* WXApiObject.h */,
			);
			path = Weixin;
			sourceTree = "<group>";
		};
		844D3D8F19B5A0D700D5FAA8 /* Network */ = {
			isa = PBXGroup;
			children = (
				844D3D9719B5A2EC00D5FAA8 /* ZWRequest.h */,
				844D3D9819B5A2EC00D5FAA8 /* ZWRequest.m */,
				844D3DB719B5CC6A00D5FAA8 /* ZWResquestData.h */,
				844D3DB819B5CC6A00D5FAA8 /* ZWResquestData.m */,
				844D3DB419B5BAFC00D5FAA8 /* HTTPUtil.h */,
				844D3DB519B5BAFC00D5FAA8 /* HTTPUtil.m */,
			);
			path = Network;
			sourceTree = "<group>";
		};
		844D3D9019B5A0DC00D5FAA8 /* ZWViewController */ = {
			isa = PBXGroup;
			children = (
				845E2BD319FCE4B30045BEFD /* Post */,
				845E2BB619FCA5DA0045BEFD /* Basic */,
				845E2BAF19FCA5230045BEFD /* Login */,
			);
			path = ZWViewController;
			sourceTree = "<group>";
		};
		845E2B9419FCA3CE0045BEFD /* BeeFramework */ = {
			isa = PBXGroup;
			children = (
				845E2B9519FCA3CE0045BEFD /* BeeCache.h */,
				845E2B9619FCA3CE0045BEFD /* BeeCache.m */,
				845E2B9719FCA3CE0045BEFD /* BeeSandbox.h */,
				845E2B9819FCA3CE0045BEFD /* BeeSandbox.m */,
				845E2B9919FCA3CE0045BEFD /* BeeSystemInfo.h */,
				845E2B9A19FCA3CE0045BEFD /* BeeSystemInfo.m */,
				845E2B9B19FCA3CE0045BEFD /* NSDictionary+BeeExtension.h */,
				845E2B9C19FCA3CE0045BEFD /* NSDictionary+BeeExtension.m */,
			);
			path = BeeFramework;
			sourceTree = "<group>";
		};
		845E2B9D19FCA3CE0045BEFD /* EGO */ = {
			isa = PBXGroup;
			children = (
				845E2B9E19FCA3CE0045BEFD /* arrow.png */,
				845E2B9F19FCA3CE0045BEFD /* EGORefreshTableHeaderView.h */,
				845E2BA019FCA3CE0045BEFD /* EGORefreshTableHeaderView.m */,
			);
			path = EGO;
			sourceTree = "<group>";
		};
		845E2BA119FCA3CE0045BEFD /* HashUtility */ = {
			isa = PBXGroup;
			children = (
				845E2BA219FCA3CE0045BEFD /* HashUtility.h */,
				845E2BA319FCA3CE0045BEFD /* HashUtility.m */,
			);
			path = HashUtility;
			sourceTree = "<group>";
		};
		845E2BA419FCA3CE0045BEFD /* UIDevice+Hardware */ = {
			isa = PBXGroup;
			children = (
				845E2BA519FCA3CE0045BEFD /* UIDevice+Hardware.h */,
				845E2BA619FCA3CE0045BEFD /* UIDevice+Hardware.m */,
			);
			path = "UIDevice+Hardware";
			sourceTree = "<group>";
		};
		845E2BAF19FCA5230045BEFD /* Login */ = {
			isa = PBXGroup;
			children = (
				845E2BB319FCA5960045BEFD /* ZWResignViewController.h */,
				845E2BB419FCA5960045BEFD /* ZWResignViewController.m */,
				845E2BE519FCE6640045BEFD /* ZWLoginViewController.h */,
				845E2BE619FCE6640045BEFD /* ZWLoginViewController.m */,
			);
			path = Login;
			sourceTree = "<group>";
		};
		845E2BB619FCA5DA0045BEFD /* Basic */ = {
			isa = PBXGroup;
			children = (
				845E2BB719FCA5F10045BEFD /* ZWTabBarController.h */,
				845E2BB819FCA6000045BEFD /* ZWTabBarController.m */,
				845E2BBA19FCA6210045BEFD /* ZWViewController.h */,
				845E2BBB19FCA6210045BEFD /* ZWViewController.m */,
			);
			path = Basic;
			sourceTree = "<group>";
		};
		845E2BBD19FCA81D0045BEFD /* Tab */ = {
			isa = PBXGroup;
			children = (
				845E2BBE19FCA81D0045BEFD /* ico_cam@2x.png */,
				845E2BBF19FCA81D0045BEFD /* ico_hall_off@2x.png */,
				845E2BC019FCA81E0045BEFD /* ico_hall_on@2x.png */,
				845E2BC119FCA81E0045BEFD /* ico_home_off@2x.png */,
				845E2BC219FCA81E0045BEFD /* ico_home_on@2x.png */,
				845E2BC319FCA81E0045BEFD /* ico_message_off@2x.png */,
				845E2BC419FCA81E0045BEFD /* ico_message_on@2x.png */,
				845E2BC519FCA81E0045BEFD /* ico_my_off@2x.png */,
				845E2BC619FCA81E0045BEFD /* ico_my_on@2x.png */,
			);
			path = Tab;
			sourceTree = "<group>";
		};
		845E2BD319FCE4B30045BEFD /* Post */ = {
			isa = PBXGroup;
			children = (
				845E2BD419FCE4B30045BEFD /* CameraViewController.h */,
				845E2BD519FCE4B30045BEFD /* CameraViewController.m */,
			);
			path = Post;
			sourceTree = "<group>";
		};
		845E2BD719FCE53B0045BEFD /* Login */ = {
			isa = PBXGroup;
			children = (
				845E2BD819FCE53B0045BEFD /* bg_login@2x.png */,
				845E2BD919FCE53B0045BEFD /* login_logo@2x.png */,
				845E2BDA19FCE53B0045BEFD /* login_qq@2x.png */,
				845E2BDB19FCE53B0045BEFD /* login_sina@2x.png */,
				845E2BDC19FCE53B0045BEFD /* login_weixin@2x.png */,
			);
			path = Login;
			sourceTree = "<group>";
		};
		84DABD2219BEF8DE00CB99A5 /* Data */ = {
			isa = PBXGroup;
			children = (
				84DABD2319BEF93200CB99A5 /* ZWShareData.h */,
				84DABD2419BEF93200CB99A5 /* ZWShareData.m */,
				84DABD2619BEFF8500CB99A5 /* ZWXXXList.h */,
				84DABD2719BEFF8500CB99A5 /* ZWXXXList.m */,
			);
			path = Data;
			sourceTree = "<group>";
		};
		84DABD2919BF00EE00CB99A5 /* Const */ = {
			isa = PBXGroup;
			children = (
				84DABD2A19BF041300CB99A5 /* Consts.h */,
			);
			path = Const;
			sourceTree = "<group>";
		};
		84DABD2B19BF065500CB99A5 /* Util */ = {
			isa = PBXGroup;
			children = (
				84DABD2C19BF066800CB99A5 /* HexColor.h */,
				84DABD2D19BF066800CB99A5 /* HexColor.m */,
			);
			path = Util;
			sourceTree = "<group>";
		};
		84DABD2F19BF06B600CB99A5 /* Category */ = {
			isa = PBXGroup;
			children = (
				84DABD3019BF06BE00CB99A5 /* UIImage+fixOrientation.h */,
				84DABD3119BF06BE00CB99A5 /* UIImage+fixOrientation.m */,
			);
			path = Category;
			sourceTree = "<group>";
		};
/* End PBXGroup section */

/* Begin PBXNativeTarget section */
		844D3CF719B5A0BE00D5FAA8 /* Demo */ = {
			isa = PBXNativeTarget;
			buildConfigurationList = 844D3D2419B5A0BE00D5FAA8 /* Build configuration list for PBXNativeTarget "Demo" */;
			buildPhases = (
				844D3CF419B5A0BE00D5FAA8 /* Sources */,
				844D3CF519B5A0BE00D5FAA8 /* Frameworks */,
				844D3CF619B5A0BE00D5FAA8 /* Resources */,
			);
			buildRules = (
			);
			dependencies = (
			);
			name = Demo;
			productName = Demo;
			productReference = 844D3CF819B5A0BE00D5FAA8 /* Demo.app */;
			productType = "com.apple.product-type.application";
		};
		844D3D1219B5A0BE00D5FAA8 /* DemoTests */ = {
			isa = PBXNativeTarget;
			buildConfigurationList = 844D3D2719B5A0BE00D5FAA8 /* Build configuration list for PBXNativeTarget "DemoTests" */;
			buildPhases = (
				844D3D0F19B5A0BE00D5FAA8 /* Sources */,
				844D3D1019B5A0BE00D5FAA8 /* Frameworks */,
				844D3D1119B5A0BE00D5FAA8 /* Resources */,
			);
			buildRules = (
			);
			dependencies = (
				844D3D1919B5A0BE00D5FAA8 /* PBXTargetDependency */,
			);
			name = DemoTests;
			productName = DemoTests;
			productReference = 844D3D1319B5A0BE00D5FAA8 /* DemoTests.xctest */;
			productType = "com.apple.product-type.bundle.unit-test";
		};
/* End PBXNativeTarget section */

/* Begin PBXProject section */
		844D3CF019B5A0BE00D5FAA8 /* Project object */ = {
			isa = PBXProject;
			attributes = {
				LastUpgradeCheck = 0510;
				ORGANIZATIONNAME = sohu;
				TargetAttributes = {
					844D3D1219B5A0BE00D5FAA8 = {
						TestTargetID = 844D3CF719B5A0BE00D5FAA8;
					};
				};
			};
			buildConfigurationList = 844D3CF319B5A0BE00D5FAA8 /* Build configuration list for PBXProject "Demo" */;
			compatibilityVersion = "Xcode 3.2";
			developmentRegion = English;
			hasScannedForEncodings = 0;
			knownRegions = (
				en,
			);
			mainGroup = 844D3CEF19B5A0BE00D5FAA8;
			productRefGroup = 844D3CF919B5A0BE00D5FAA8 /* Products */;
			projectDirPath = "";
			projectRoot = "";
			targets = (
				844D3CF719B5A0BE00D5FAA8 /* Demo */,
				844D3D1219B5A0BE00D5FAA8 /* DemoTests */,
			);
		};
/* End PBXProject section */

/* Begin PBXResourcesBuildPhase section */
		844D3CF619B5A0BE00D5FAA8 /* Resources */ = {
			isa = PBXResourcesBuildPhase;
			buildActionMask = 2147483647;
			files = (
				845E2BCE19FCA81E0045BEFD /* ico_my_off@2x.png in Resources */,
				845E2BCC19FCA81E0045BEFD /* ico_message_off@2x.png in Resources */,
				845E2BCD19FCA81E0045BEFD /* ico_message_on@2x.png in Resources */,
				845E2BE119FCE53B0045BEFD /* login_weixin@2x.png in Resources */,
				844D3D8B19B5A0D200D5FAA8 /* TencentOpenApi_IOS_Bundle.bundle in Resources */,
				845E2BAB19FCA3CE0045BEFD /* arrow.png in Resources */,
				845E2BE019FCE53B0045BEFD /* login_sina@2x.png in Resources */,
				845E2BDD19FCE53B0045BEFD /* bg_login@2x.png in Resources */,
				844D3D0619B5A0BE00D5FAA8 /* InfoPlist.strings in Resources */,
				845E2BDE19FCE53B0045BEFD /* login_logo@2x.png in Resources */,
				845E2BCF19FCA81E0045BEFD /* ico_my_on@2x.png in Resources */,
				845E2BCB19FCA81E0045BEFD /* ico_home_on@2x.png in Resources */,
				844D3D8D19B5A0D200D5FAA8 /* WeiboSDK.bundle in Resources */,
				845E2BC819FCA81E0045BEFD /* ico_hall_off@2x.png in Resources */,
				844D3D0E19B5A0BE00D5FAA8 /* Images.xcassets in Resources */,
				845E2BCA19FCA81E0045BEFD /* ico_home_off@2x.png in Resources */,
				845E2BDF19FCE53B0045BEFD /* login_qq@2x.png in Resources */,
				845E2BC919FCA81E0045BEFD /* ico_hall_on@2x.png in Resources */,
				845E2BC719FCA81E0045BEFD /* ico_cam@2x.png in Resources */,
			);
			runOnlyForDeploymentPostprocessing = 0;
		};
		844D3D1119B5A0BE00D5FAA8 /* Resources */ = {
			isa = PBXResourcesBuildPhase;
			buildActionMask = 2147483647;
			files = (
				844D3D1F19B5A0BE00D5FAA8 /* InfoPlist.strings in Resources */,
			);
			runOnlyForDeploymentPostprocessing = 0;
		};
/* End PBXResourcesBuildPhase section */

/* Begin PBXSourcesBuildPhase section */
		844D3CF419B5A0BE00D5FAA8 /* Sources */ = {
			isa = PBXSourcesBuildPhase;
			buildActionMask = 2147483647;
			files = (
				845E2BEB19FCF5020045BEFD /* TencentOpenApi_IOS_Bundle.bundle in Sources */,
				844D3D9919B5A2EC00D5FAA8 /* ZWRequest.m in Sources */,
				845E2BAE19FCA3CE0045BEFD /* UIDevice+Hardware.m in Sources */,
				844D3D7719B5A0D200D5FAA8 /* AFURLRequestSerialization.m in Sources */,
				844D3D8819B5A0D200D5FAA8 /* UIImage+WebP.m in Sources */,
				844D3D7619B5A0D200D5FAA8 /* AFURLConnectionOperation.m in Sources */,
				844D3D7E19B5A0D200D5FAA8 /* SDWebImageCombinedOperation.m in Sources */,
				844D3DB919B5CC6A00D5FAA8 /* ZWResquestData.m in Sources */,
				84DABD2519BEF93200CB99A5 /* ZWShareData.m in Sources */,
				844D3D7519B5A0D200D5FAA8 /* AFSecurityPolicy.m in Sources */,
				844D3D7119B5A0D200D5FAA8 /* AFHTTPRequestOperation.m in Sources */,
				845E2BBC19FCA6210045BEFD /* ZWViewController.m in Sources */,
				845E2BB519FCA5960045BEFD /* ZWResignViewController.m in Sources */,
				844D3D7D19B5A0D200D5FAA8 /* SDImageCache.m in Sources */,
				840C5A0E19B6E7DB0007F1C3 /* ZWDemoRequest.m in Sources */,
				845E2BAC19FCA3CE0045BEFD /* EGORefreshTableHeaderView.m in Sources */,
				844D3D8219B5A0D200D5FAA8 /* SDWebImageDownloaderOperation.m in Sources */,
				845E2BB919FCA6000045BEFD /* ZWTabBarController.m in Sources */,
				845E2BAD19FCA3CE0045BEFD /* HashUtility.m in Sources */,
				845E2BA719FCA3CE0045BEFD /* BeeCache.m in Sources */,
				845E2BA819FCA3CE0045BEFD /* BeeSandbox.m in Sources */,
				845E2BA919FCA3CE0045BEFD /* BeeSystemInfo.m in Sources */,
				844D3D7C19B5A0D200D5FAA8 /* NSData+ImageContentType.m in Sources */,
				845E2BE819FCE6640045BEFD /* ZWLoginViewController.m in Sources */,
				845E2BAA19FCA3CE0045BEFD /* NSDictionary+BeeExtension.m in Sources */,
				844D3D7919B5A0D200D5FAA8 /* AFURLSessionManager.m in Sources */,
				844D3D7819B5A0D200D5FAA8 /* AFURLResponseSerialization.m in Sources */,
				844D3D0C19B5A0BE00D5FAA8 /* AppDelegate.m in Sources */,
				84DABD2E19BF066800CB99A5 /* HexColor.m in Sources */,
				844D3D7A19B5A0D200D5FAA8 /* MBProgressHUD.m in Sources */,
				844D3D7F19B5A0D200D5FAA8 /* SDWebImageCompat.m in Sources */,
				844D3D7319B5A0D200D5FAA8 /* AFHTTPSessionManager.m in Sources */,
				844D3D7219B5A0D200D5FAA8 /* AFHTTPRequestOperationManager.m in Sources */,
				844D3D8319B5A0D200D5FAA8 /* SDWebImageManager.m in Sources */,
				844D3D8119B5A0D200D5FAA8 /* SDWebImageDownloader.m in Sources */,
				844D3D7B19B5A0D200D5FAA8 /* MKAnnotationView+WebCache.m in Sources */,
				844D3D8619B5A0D200D5FAA8 /* UIImage+GIF.m in Sources */,
				844D3D7419B5A0D200D5FAA8 /* AFNetworkReachabilityManager.m in Sources */,
				844D3D8419B5A0D200D5FAA8 /* SDWebImagePrefetcher.m in Sources */,
				844D3D8519B5A0D200D5FAA8 /* UIButton+WebCache.m in Sources */,
				84DABD3219BF06BE00CB99A5 /* UIImage+fixOrientation.m in Sources */,
				84DABD2819BEFF8500CB99A5 /* ZWXXXList.m in Sources */,
				844D3D8919B5A0D200D5FAA8 /* UIImageView+WebCache.m in Sources */,
				844D3D8719B5A0D200D5FAA8 /* UIImage+MultiFormat.m in Sources */,
				844D3D8019B5A0D200D5FAA8 /* SDWebImageDecoder.m in Sources */,
				844D3DB619B5BAFC00D5FAA8 /* HTTPUtil.m in Sources */,
				845E2BD619FCE4B30045BEFD /* CameraViewController.m in Sources */,
				844D3D0819B5A0BE00D5FAA8 /* main.m in Sources */,
			);
			runOnlyForDeploymentPostprocessing = 0;
		};
		844D3D0F19B5A0BE00D5FAA8 /* Sources */ = {
			isa = PBXSourcesBuildPhase;
			buildActionMask = 2147483647;
			files = (
				844D3D2119B5A0BE00D5FAA8 /* DemoTests.m in Sources */,
			);
			runOnlyForDeploymentPostprocessing = 0;
		};
/* End PBXSourcesBuildPhase section */

/* Begin PBXTargetDependency section */
		844D3D1919B5A0BE00D5FAA8 /* PBXTargetDependency */ = {
			isa = PBXTargetDependency;
			target = 844D3CF719B5A0BE00D5FAA8 /* Demo */;
			targetProxy = 844D3D1819B5A0BE00D5FAA8 /* PBXContainerItemProxy */;
		};
/* End PBXTargetDependency section */

/* Begin PBXVariantGroup section */
		844D3D0419B5A0BE00D5FAA8 /* InfoPlist.strings */ = {
			isa = PBXVariantGroup;
			children = (
				844D3D0519B5A0BE00D5FAA8 /* en */,
			);
			name = InfoPlist.strings;
			sourceTree = "<group>";
		};
		844D3D1D19B5A0BE00D5FAA8 /* InfoPlist.strings */ = {
			isa = PBXVariantGroup;
			children = (
				844D3D1E19B5A0BE00D5FAA8 /* en */,
			);
			name = InfoPlist.strings;
			sourceTree = "<group>";
		};
/* End PBXVariantGroup section */

/* Begin XCBuildConfiguration section */
		844D3D2219B5A0BE00D5FAA8 /* Debug */ = {
			isa = XCBuildConfiguration;
			buildSettings = {
				ALWAYS_SEARCH_USER_PATHS = NO;
				CLANG_CXX_LANGUAGE_STANDARD = "gnu++0x";
				CLANG_CXX_LIBRARY = "libc++";
				CLANG_ENABLE_MODULES = YES;
				CLANG_ENABLE_OBJC_ARC = YES;
				CLANG_WARN_BOOL_CONVERSION = YES;
				CLANG_WARN_CONSTANT_CONVERSION = YES;
				CLANG_WARN_DIRECT_OBJC_ISA_USAGE = YES_ERROR;
				CLANG_WARN_EMPTY_BODY = YES;
				CLANG_WARN_ENUM_CONVERSION = YES;
				CLANG_WARN_INT_CONVERSION = YES;
				CLANG_WARN_OBJC_ROOT_CLASS = YES_ERROR;
				CLANG_WARN__DUPLICATE_METHOD_MATCH = YES;
				"CODE_SIGN_IDENTITY[sdk=iphoneos*]" = "iPhone Developer";
				COPY_PHASE_STRIP = NO;
				GCC_C_LANGUAGE_STANDARD = gnu99;
				GCC_DYNAMIC_NO_PIC = NO;
				GCC_OPTIMIZATION_LEVEL = 0;
				GCC_PREPROCESSOR_DEFINITIONS = (
					"DEBUG=1",
					"$(inherited)",
				);
				GCC_SYMBOLS_PRIVATE_EXTERN = NO;
				GCC_WARN_64_TO_32_BIT_CONVERSION = YES;
				GCC_WARN_ABOUT_RETURN_TYPE = YES_ERROR;
				GCC_WARN_UNDECLARED_SELECTOR = YES;
				GCC_WARN_UNINITIALIZED_AUTOS = YES_AGGRESSIVE;
				GCC_WARN_UNUSED_FUNCTION = YES;
				GCC_WARN_UNUSED_VARIABLE = YES;
				IPHONEOS_DEPLOYMENT_TARGET = 7.0;
				ONLY_ACTIVE_ARCH = YES;
				SDKROOT = iphoneos;
			};
			name = Debug;
		};
		844D3D2319B5A0BE00D5FAA8 /* Release */ = {
			isa = XCBuildConfiguration;
			buildSettings = {
				ALWAYS_SEARCH_USER_PATHS = NO;
				CLANG_CXX_LANGUAGE_STANDARD = "gnu++0x";
				CLANG_CXX_LIBRARY = "libc++";
				CLANG_ENABLE_MODULES = YES;
				CLANG_ENABLE_OBJC_ARC = YES;
				CLANG_WARN_BOOL_CONVERSION = YES;
				CLANG_WARN_CONSTANT_CONVERSION = YES;
				CLANG_WARN_DIRECT_OBJC_ISA_USAGE = YES_ERROR;
				CLANG_WARN_EMPTY_BODY = YES;
				CLANG_WARN_ENUM_CONVERSION = YES;
				CLANG_WARN_INT_CONVERSION = YES;
				CLANG_WARN_OBJC_ROOT_CLASS = YES_ERROR;
				CLANG_WARN__DUPLICATE_METHOD_MATCH = YES;
				"CODE_SIGN_IDENTITY[sdk=iphoneos*]" = "iPhone Developer";
				COPY_PHASE_STRIP = YES;
				ENABLE_NS_ASSERTIONS = NO;
				GCC_C_LANGUAGE_STANDARD = gnu99;
				GCC_WARN_64_TO_32_BIT_CONVERSION = YES;
				GCC_WARN_ABOUT_RETURN_TYPE = YES_ERROR;
				GCC_WARN_UNDECLARED_SELECTOR = YES;
				GCC_WARN_UNINITIALIZED_AUTOS = YES_AGGRESSIVE;
				GCC_WARN_UNUSED_FUNCTION = YES;
				GCC_WARN_UNUSED_VARIABLE = YES;
				IPHONEOS_DEPLOYMENT_TARGET = 7.0;
				SDKROOT = iphoneos;
				VALIDATE_PRODUCT = YES;
			};
			name = Release;
		};
		844D3D2519B5A0BE00D5FAA8 /* Debug */ = {
			isa = XCBuildConfiguration;
			buildSettings = {
				ASSETCATALOG_COMPILER_APPICON_NAME = AppIcon;
				ASSETCATALOG_COMPILER_LAUNCHIMAGE_NAME = LaunchImage;
				FRAMEWORK_SEARCH_PATHS = (
					"$(inherited)",
					"$(PROJECT_DIR)/Demo/Vendor/Share/QQ",
				);
				GCC_PRECOMPILE_PREFIX_HEADER = YES;
				GCC_PREFIX_HEADER = "Demo/Demo-Prefix.pch";
				INFOPLIST_FILE = "Demo/Demo-Info.plist";
				IPHONEOS_DEPLOYMENT_TARGET = 7.0;
				LIBRARY_SEARCH_PATHS = (
					"$(inherited)",
					"$(PROJECT_DIR)/Demo/Vendor/Share/Weibo",
					"$(PROJECT_DIR)/Demo/Vendor/Share/Weixin",
				);
				OTHER_LDFLAGS = "-fobjc-arc";
				PRODUCT_NAME = "$(TARGET_NAME)";
				WRAPPER_EXTENSION = app;
			};
			name = Debug;
		};
		844D3D2619B5A0BE00D5FAA8 /* Release */ = {
			isa = XCBuildConfiguration;
			buildSettings = {
				ASSETCATALOG_COMPILER_APPICON_NAME = AppIcon;
				ASSETCATALOG_COMPILER_LAUNCHIMAGE_NAME = LaunchImage;
				FRAMEWORK_SEARCH_PATHS = (
					"$(inherited)",
					"$(PROJECT_DIR)/Demo/Vendor/Share/QQ",
				);
				GCC_PRECOMPILE_PREFIX_HEADER = YES;
				GCC_PREFIX_HEADER = "Demo/Demo-Prefix.pch";
				INFOPLIST_FILE = "Demo/Demo-Info.plist";
				IPHONEOS_DEPLOYMENT_TARGET = 7.0;
				LIBRARY_SEARCH_PATHS = (
					"$(inherited)",
					"$(PROJECT_DIR)/Demo/Vendor/Share/Weibo",
					"$(PROJECT_DIR)/Demo/Vendor/Share/Weixin",
				);
				OTHER_LDFLAGS = "-fobjc-arc";
				PRODUCT_NAME = "$(TARGET_NAME)";
				WRAPPER_EXTENSION = app;
			};
			name = Release;
		};
		844D3D2819B5A0BE00D5FAA8 /* Debug */ = {
			isa = XCBuildConfiguration;
			buildSettings = {
				BUNDLE_LOADER = "$(BUILT_PRODUCTS_DIR)/Demo.app/Demo";
				FRAMEWORK_SEARCH_PATHS = (
					"$(SDKROOT)/Developer/Library/Frameworks",
					"$(inherited)",
					"$(DEVELOPER_FRAMEWORKS_DIR)",
				);
				GCC_PRECOMPILE_PREFIX_HEADER = YES;
				GCC_PREFIX_HEADER = "Demo/Demo-Prefix.pch";
				GCC_PREPROCESSOR_DEFINITIONS = (
					"DEBUG=1",
					"$(inherited)",
				);
				INFOPLIST_FILE = "DemoTests/DemoTests-Info.plist";
				PRODUCT_NAME = "$(TARGET_NAME)";
				TEST_HOST = "$(BUNDLE_LOADER)";
				WRAPPER_EXTENSION = xctest;
			};
			name = Debug;
		};
		844D3D2919B5A0BE00D5FAA8 /* Release */ = {
			isa = XCBuildConfiguration;
			buildSettings = {
				BUNDLE_LOADER = "$(BUILT_PRODUCTS_DIR)/Demo.app/Demo";
				FRAMEWORK_SEARCH_PATHS = (
					"$(SDKROOT)/Developer/Library/Frameworks",
					"$(inherited)",
					"$(DEVELOPER_FRAMEWORKS_DIR)",
				);
				GCC_PRECOMPILE_PREFIX_HEADER = YES;
				GCC_PREFIX_HEADER = "Demo/Demo-Prefix.pch";
				INFOPLIST_FILE = "DemoTests/DemoTests-Info.plist";
				PRODUCT_NAME = "$(TARGET_NAME)";
				TEST_HOST = "$(BUNDLE_LOADER)";
				WRAPPER_EXTENSION = xctest;
			};
			name = Release;
		};
/* End XCBuildConfiguration section */

/* Begin XCConfigurationList section */
		844D3CF319B5A0BE00D5FAA8 /* Build configuration list for PBXProject "Demo" */ = {
			isa = XCConfigurationList;
			buildConfigurations = (
				844D3D2219B5A0BE00D5FAA8 /* Debug */,
				844D3D2319B5A0BE00D5FAA8 /* Release */,
			);
			defaultConfigurationIsVisible = 0;
			defaultConfigurationName = Release;
		};
		844D3D2419B5A0BE00D5FAA8 /* Build configuration list for PBXNativeTarget "Demo" */ = {
			isa = XCConfigurationList;
			buildConfigurations = (
				844D3D2519B5A0BE00D5FAA8 /* Debug */,
				844D3D2619B5A0BE00D5FAA8 /* Release */,
			);
			defaultConfigurationIsVisible = 0;
			defaultConfigurationName = Release;
		};
		844D3D2719B5A0BE00D5FAA8 /* Build configuration list for PBXNativeTarget "DemoTests" */ = {
			isa = XCConfigurationList;
			buildConfigurations = (
				844D3D2819B5A0BE00D5FAA8 /* Debug */,
				844D3D2919B5A0BE00D5FAA8 /* Release */,
			);
			defaultConfigurationIsVisible = 0;
			defaultConfigurationName = Release;
		};
/* End XCConfigurationList section */
	};
	rootObject = 844D3CF019B5A0BE00D5FAA8 /* Project object */;
}
